// !$*UTF8*$!
{
	archiveVersion = 1;
	classes = {
	};
	objectVersion = 77;
	objects = {

/* Begin PBXBuildFile section */
		336FA5982D8C381500E28B8F /* NimbleAnimations in Frameworks */ = {isa = PBXBuildFile; productRef = 336FA5972D8C381500E28B8F /* NimbleAnimations */; };
		336FA59A2D8C381500E28B8F /* NimbleExtensions in Frameworks */ = {isa = PBXBuildFile; productRef = 336FA5992D8C381500E28B8F /* NimbleExtensions */; };
		336FA59C2D8C381500E28B8F /* NimbleJSON in Frameworks */ = {isa = PBXBuildFile; productRef = 336FA59B2D8C381500E28B8F /* NimbleJSON */; };
		33DB517E2D7D9E800060EAC4 /* libMobileGestalt.tbd in Frameworks */ = {isa = PBXBuildFile; fileRef = 33DB517D2D7D9E750060EAC4 /* libMobileGestalt.tbd */; };
		33DB51892D7DA06B0060EAC4 /* IOKit.framework in Frameworks */ = {isa = PBXBuildFile; fileRef = 33DB51882D7DA06B0060EAC4 /* IOKit.framework */; platformFilter = ios; };
		33DB518B2D7DA0740060EAC4 /* CoreServices.framework in Frameworks */ = {isa = PBXBuildFile; fileRef = 33DB518A2D7DA0740060EAC4 /* CoreServices.framework */; };
/* End PBXBuildFile section */

/* Begin PBXFileReference section */
		336FA59D2D8C385900E28B8F /* CoreFoundation.framework */ = {isa = PBXFileReference; lastKnownFileType = wrapper.framework; name = CoreFoundation.framework; path = Platforms/AppleTVOS.platform/Developer/SDKs/AppleTVOS18.2.sdk/System/Library/Frameworks/CoreFoundation.framework; sourceTree = DEVELOPER_DIR; };
		3388438F2D7D8A26002D07FD /* Loader.app */ = {isa = PBXFileReference; explicitFileType = wrapper.application; includeInIndex = 0; path = Loader.app; sourceTree = BUILT_PRODUCTS_DIR; };
		33DB517D2D7D9E750060EAC4 /* libMobileGestalt.tbd */ = {isa = PBXFileReference; lastKnownFileType = "sourcecode.text-based-dylib-definition"; name = libMobileGestalt.tbd; path = usr/lib/libMobileGestalt.tbd; sourceTree = SDKROOT; };
		33DB51882D7DA06B0060EAC4 /* IOKit.framework */ = {isa = PBXFileReference; lastKnownFileType = wrapper.framework; name = IOKit.framework; path = System/Library/Frameworks/IOKit.framework; sourceTree = SDKROOT; };
		33DB518A2D7DA0740060EAC4 /* CoreServices.framework */ = {isa = PBXFileReference; lastKnownFileType = wrapper.framework; name = CoreServices.framework; path = System/Library/Frameworks/CoreServices.framework; sourceTree = SDKROOT; };
		33DB518E2D7DA1720060EAC4 /* Loader.xcconfig */ = {isa = PBXFileReference; lastKnownFileType = text.xcconfig; path = Loader.xcconfig; sourceTree = "<group>"; };
/* End PBXFileReference section */

/* Begin PBXFileSystemSynchronizedBuildFileExceptionSet section */
		338843CB2D7D8C20002D07FD /* Exceptions for "Loader" folder in "Loader" target */ = {
			isa = PBXFileSystemSynchronizedBuildFileExceptionSet;
			membershipExceptions = (
				Info.plist,
			);
			platformFiltersByRelativePath = {
				"Supporting Files/IOKit.tbd" = (tvos, );
			};
			target = 3388438E2D7D8A26002D07FD /* Loader */;
		};
/* End PBXFileSystemSynchronizedBuildFileExceptionSet section */

/* Begin PBXFileSystemSynchronizedRootGroup section */
		338843912D7D8A26002D07FD /* Loader */ = {
			isa = PBXFileSystemSynchronizedRootGroup;
			exceptions = (
				338843CB2D7D8C20002D07FD /* Exceptions for "Loader" folder in "Loader" target */,
			);
			path = Loader;
			sourceTree = "<group>";
		};
/* End PBXFileSystemSynchronizedRootGroup section */

/* Begin PBXFrameworksBuildPhase section */
		3388438C2D7D8A26002D07FD /* Frameworks */ = {
			isa = PBXFrameworksBuildPhase;
			buildActionMask = 2147483647;
			files = (
				33DB517E2D7D9E800060EAC4 /* libMobileGestalt.tbd in Frameworks */,
				33DB518B2D7DA0740060EAC4 /* CoreServices.framework in Frameworks */,
				336FA5982D8C381500E28B8F /* NimbleAnimations in Frameworks */,
				336FA59C2D8C381500E28B8F /* NimbleJSON in Frameworks */,
				33DB51892D7DA06B0060EAC4 /* IOKit.framework in Frameworks */,
				336FA59A2D8C381500E28B8F /* NimbleExtensions in Frameworks */,
			);
			runOnlyForDeploymentPostprocessing = 0;
		};
/* End PBXFrameworksBuildPhase section */

/* Begin PBXGroup section */
		338843862D7D8A26002D07FD = {
			isa = PBXGroup;
			children = (
				338843912D7D8A26002D07FD /* Loader */,
				33DB518C2D7DA15D0060EAC4 /* Configuration */,
				33DB517C2D7D9E740060EAC4 /* Frameworks */,
				338843902D7D8A26002D07FD /* Products */,
			);
			sourceTree = "<group>";
		};
		338843902D7D8A26002D07FD /* Products */ = {
			isa = PBXGroup;
			children = (
				3388438F2D7D8A26002D07FD /* Loader.app */,
			);
			name = Products;
			sourceTree = "<group>";
		};
		33DB517C2D7D9E740060EAC4 /* Frameworks */ = {
			isa = PBXGroup;
			children = (
				336FA59D2D8C385900E28B8F /* CoreFoundation.framework */,
				33DB518A2D7DA0740060EAC4 /* CoreServices.framework */,
				33DB51882D7DA06B0060EAC4 /* IOKit.framework */,
				33DB517D2D7D9E750060EAC4 /* libMobileGestalt.tbd */,
			);
			name = Frameworks;
			sourceTree = "<group>";
		};
		33DB518C2D7DA15D0060EAC4 /* Configuration */ = {
			isa = PBXGroup;
			children = (
				33DB518E2D7DA1720060EAC4 /* Loader.xcconfig */,
			);
			path = Configuration;
			sourceTree = "<group>";
		};
/* End PBXGroup section */

/* Begin PBXNativeTarget section */
		3388438E2D7D8A26002D07FD /* Loader */ = {
			isa = PBXNativeTarget;
			buildConfigurationList = 338843A22D7D8A28002D07FD /* Build configuration list for PBXNativeTarget "Loader" */;
			buildPhases = (
				3388438B2D7D8A26002D07FD /* Sources */,
				3388438C2D7D8A26002D07FD /* Frameworks */,
				3388438D2D7D8A26002D07FD /* Resources */,
			);
			buildRules = (
			);
			dependencies = (
			);
			fileSystemSynchronizedGroups = (
				338843912D7D8A26002D07FD /* Loader */,
			);
			name = Loader;
			packageProductDependencies = (
				336FA5972D8C381500E28B8F /* NimbleAnimations */,
				336FA5992D8C381500E28B8F /* NimbleExtensions */,
				336FA59B2D8C381500E28B8F /* NimbleJSON */,
			);
			productName = Loader;
			productReference = 3388438F2D7D8A26002D07FD /* Loader.app */;
			productType = "com.apple.product-type.application";
		};
/* End PBXNativeTarget section */

/* Begin PBXProject section */
		338843872D7D8A26002D07FD /* Project object */ = {
			isa = PBXProject;
			attributes = {
				BuildIndependentTargetsInParallel = 1;
				LastSwiftUpdateCheck = 1620;
				LastUpgradeCheck = 1620;
				TargetAttributes = {
					3388438E2D7D8A26002D07FD = {
						CreatedOnToolsVersion = 16.2;
						LastSwiftMigration = 1620;
					};
				};
			};
			buildConfigurationList = 3388438A2D7D8A26002D07FD /* Build configuration list for PBXProject "Loader" */;
			developmentRegion = en;
			hasScannedForEncodings = 0;
			knownRegions = (
				en,
				Base,
			);
			mainGroup = 338843862D7D8A26002D07FD;
			minimizedProjectReferenceProxies = 1;
			packageReferences = (
				336FA5962D8C381400E28B8F /* XCLocalSwiftPackageReference "NimbleKit" */,
			);
			preferredProjectObjectVersion = 77;
			productRefGroup = 338843902D7D8A26002D07FD /* Products */;
			projectDirPath = "";
			projectRoot = "";
			targets = (
				3388438E2D7D8A26002D07FD /* Loader */,
			);
		};
/* End PBXProject section */

/* Begin PBXResourcesBuildPhase section */
		3388438D2D7D8A26002D07FD /* Resources */ = {
			isa = PBXResourcesBuildPhase;
			buildActionMask = 2147483647;
			files = (
			);
			runOnlyForDeploymentPostprocessing = 0;
		};
/* End PBXResourcesBuildPhase section */

/* Begin PBXSourcesBuildPhase section */
		3388438B2D7D8A26002D07FD /* Sources */ = {
			isa = PBXSourcesBuildPhase;
			buildActionMask = 2147483647;
			files = (
			);
			runOnlyForDeploymentPostprocessing = 0;
		};
/* End PBXSourcesBuildPhase section */

/* Begin XCBuildConfiguration section */
		338843A32D7D8A28002D07FD /* Debug */ = {
			isa = XCBuildConfiguration;
			baseConfigurationReference = 33DB518E2D7DA1720060EAC4 /* Loader.xcconfig */;
			buildSettings = {
				ASSETCATALOG_COMPILER_APPICON_NAME = AppIcon;
				"ASSETCATALOG_COMPILER_APPICON_NAME[sdk=appletv*]" = "AppIcon - tvOS";
				ASSETCATALOG_COMPILER_GLOBAL_ACCENT_COLOR_NAME = AccentColor;
				CLANG_ENABLE_MODULES = YES;
				CODE_SIGN_ENTITLEMENTS = "Loader/Supporting Files/loader.entitlements";
				CODE_SIGN_IDENTITY = "";
				CODE_SIGN_STYLE = Automatic;
				CURRENT_PROJECT_VERSION = 1;
				DEAD_CODE_STRIPPING = NO;
				DEPLOYMENT_POSTPROCESSING = NO;
				GENERATE_INFOPLIST_FILE = YES;
				INFOPLIST_FILE = Loader/Info.plist;
				INFOPLIST_KEY_CFBundleDisplayName = palera1n;
				INFOPLIST_KEY_UIApplicationSupportsIndirectInputEvents = YES;
				INFOPLIST_KEY_UILaunchStoryboardName = LaunchScreen;
				INFOPLIST_KEY_UISupportedInterfaceOrientations = "UIInterfaceOrientationLandscapeLeft UIInterfaceOrientationLandscapeRight UIInterfaceOrientationPortrait";
				INFOPLIST_KEY_UISupportedInterfaceOrientations_iPad = "UIInterfaceOrientationLandscapeLeft UIInterfaceOrientationLandscapeRight UIInterfaceOrientationPortrait UIInterfaceOrientationPortraitUpsideDown";
				IPHONEOS_DEPLOYMENT_TARGET = 15.0;
				LD_RUNPATH_SEARCH_PATHS = (
					"$(inherited)",
					"@executable_path/Frameworks",
				);
				LIBRARY_SEARCH_PATHS = (
					"$(inherited)",
					"$(PROJECT_DIR)/Loader/Supporting\\ Files",
				);
				MARKETING_VERSION = 3.0;
				PRODUCT_BUNDLE_IDENTIFIER = in.palera.loader;
				PRODUCT_NAME = "$(TARGET_NAME)";
				STRIP_INSTALLED_PRODUCT = NO;
				SUPPORTED_PLATFORMS = "appletvos appletvsimulator iphoneos iphonesimulator";
				SUPPORTS_MACCATALYST = NO;
				SUPPORTS_MAC_DESIGNED_FOR_IPHONE_IPAD = NO;
				SWIFT_EMIT_LOC_STRINGS = YES;
				SWIFT_OBJC_BRIDGING_HEADER = "Loader/Supporting Files/Loader-Bridging-Header.h";
				SWIFT_OPTIMIZATION_LEVEL = "-Onone";
				SWIFT_VERSION = 5.0;
				TARGETED_DEVICE_FAMILY = "1,2,3";
				TVOS_DEPLOYMENT_TARGET = 15.0;
			};
			name = Debug;
		};
		338843A42D7D8A28002D07FD /* Release */ = {
			isa = XCBuildConfiguration;
			baseConfigurationReference = 33DB518E2D7DA1720060EAC4 /* Loader.xcconfig */;
			buildSettings = {
				ASSETCATALOG_COMPILER_APPICON_NAME = AppIcon;
				"ASSETCATALOG_COMPILER_APPICON_NAME[sdk=appletv*]" = "AppIcon - tvOS";
				ASSETCATALOG_COMPILER_GLOBAL_ACCENT_COLOR_NAME = AccentColor;
				CLANG_ENABLE_MODULES = YES;
				CODE_SIGN_ENTITLEMENTS = "Loader/Supporting Files/loader.entitlements";
				CODE_SIGN_IDENTITY = "";
				CODE_SIGN_STYLE = Automatic;
				CURRENT_PROJECT_VERSION = 1;
				DEPLOYMENT_POSTPROCESSING = YES;
				GENERATE_INFOPLIST_FILE = YES;
				INFOPLIST_FILE = Loader/Info.plist;
				INFOPLIST_KEY_CFBundleDisplayName = palera1n;
				INFOPLIST_KEY_UIApplicationSupportsIndirectInputEvents = YES;
				INFOPLIST_KEY_UILaunchStoryboardName = LaunchScreen;
				INFOPLIST_KEY_UISupportedInterfaceOrientations = "UIInterfaceOrientationLandscapeLeft UIInterfaceOrientationLandscapeRight UIInterfaceOrientationPortrait";
				INFOPLIST_KEY_UISupportedInterfaceOrientations_iPad = "UIInterfaceOrientationLandscapeLeft UIInterfaceOrientationLandscapeRight UIInterfaceOrientationPortrait UIInterfaceOrientationPortraitUpsideDown";
				IPHONEOS_DEPLOYMENT_TARGET = 15.0;
				LD_RUNPATH_SEARCH_PATHS = (
					"$(inherited)",
					"@executable_path/Frameworks",
				);
				LIBRARY_SEARCH_PATHS = (
					"$(inherited)",
					"$(PROJECT_DIR)/Loader/Supporting\\ Files",
				);
				MARKETING_VERSION = 3.0;
				PRODUCT_BUNDLE_IDENTIFIER = in.palera.loader;
				PRODUCT_NAME = "$(TARGET_NAME)";
				STRIPFLAGS = "-rSTx";
				SUPPORTED_PLATFORMS = "appletvos appletvsimulator iphoneos iphonesimulator";
				SUPPORTS_MACCATALYST = NO;
				SUPPORTS_MAC_DESIGNED_FOR_IPHONE_IPAD = NO;
				SWIFT_EMIT_LOC_STRINGS = YES;
				SWIFT_OBJC_BRIDGING_HEADER = "Loader/Supporting Files/Loader-Bridging-Header.h";
				SWIFT_VERSION = 5.0;
				TARGETED_DEVICE_FAMILY = "1,2,3";
				TVOS_DEPLOYMENT_TARGET = 15.0;
			};
			name = Release;
		};
		338843A52D7D8A28002D07FD /* Debug */ = {
			isa = XCBuildConfiguration;
			buildSettings = {
				ALWAYS_SEARCH_USER_PATHS = NO;
				ASSETCATALOG_COMPILER_GENERATE_SWIFT_ASSET_SYMBOL_EXTENSIONS = YES;
				CLANG_ANALYZER_NONNULL = YES;
				CLANG_ANALYZER_NUMBER_OBJECT_CONVERSION = YES_AGGRESSIVE;
				CLANG_CXX_LANGUAGE_STANDARD = "gnu++20";
				CLANG_ENABLE_MODULES = YES;
				CLANG_ENABLE_OBJC_ARC = YES;
				CLANG_ENABLE_OBJC_WEAK = YES;
				CLANG_WARN_BLOCK_CAPTURE_AUTORELEASING = YES;
				CLANG_WARN_BOOL_CONVERSION = YES;
				CLANG_WARN_COMMA = YES;
				CLANG_WARN_CONSTANT_CONVERSION = YES;
				CLANG_WARN_DEPRECATED_OBJC_IMPLEMENTATIONS = YES;
				CLANG_WARN_DIRECT_OBJC_ISA_USAGE = YES_ERROR;
				CLANG_WARN_DOCUMENTATION_COMMENTS = YES;
				CLANG_WARN_EMPTY_BODY = YES;
				CLANG_WARN_ENUM_CONVERSION = YES;
				CLANG_WARN_INFINITE_RECURSION = YES;
				CLANG_WARN_INT_CONVERSION = YES;
				CLANG_WARN_NON_LITERAL_NULL_CONVERSION = YES;
				CLANG_WARN_OBJC_IMPLICIT_RETAIN_SELF = YES;
				CLANG_WARN_OBJC_LITERAL_CONVERSION = YES;
				CLANG_WARN_OBJC_ROOT_CLASS = YES_ERROR;
				CLANG_WARN_QUOTED_INCLUDE_IN_FRAMEWORK_HEADER = YES;
				CLANG_WARN_RANGE_LOOP_ANALYSIS = YES;
				CLANG_WARN_STRICT_PROTOTYPES = YES;
				CLANG_WARN_SUSPICIOUS_MOVE = YES;
				CLANG_WARN_UNGUARDED_AVAILABILITY = YES_AGGRESSIVE;
				CLANG_WARN_UNREACHABLE_CODE = YES;
				CLANG_WARN__DUPLICATE_METHOD_MATCH = YES;
				COPY_PHASE_STRIP = NO;
				DEBUG_INFORMATION_FORMAT = dwarf;
				ENABLE_STRICT_OBJC_MSGSEND = YES;
				ENABLE_TESTABILITY = YES;
				ENABLE_USER_SCRIPT_SANDBOXING = YES;
				GCC_C_LANGUAGE_STANDARD = gnu17;
				GCC_DYNAMIC_NO_PIC = NO;
				GCC_NO_COMMON_BLOCKS = YES;
				GCC_OPTIMIZATION_LEVEL = 0;
				GCC_PREPROCESSOR_DEFINITIONS = (
					"DEBUG=1",
					"$(inherited)",
				);
				GCC_WARN_64_TO_32_BIT_CONVERSION = YES;
				GCC_WARN_ABOUT_RETURN_TYPE = YES_ERROR;
				GCC_WARN_UNDECLARED_SELECTOR = YES;
				GCC_WARN_UNINITIALIZED_AUTOS = YES_AGGRESSIVE;
				GCC_WARN_UNUSED_FUNCTION = YES;
				GCC_WARN_UNUSED_VARIABLE = YES;
				IPHONEOS_DEPLOYMENT_TARGET = 18.2;
				LOCALIZATION_PREFERS_STRING_CATALOGS = YES;
				MTL_ENABLE_DEBUG_INFO = INCLUDE_SOURCE;
				MTL_FAST_MATH = YES;
				ONLY_ACTIVE_ARCH = YES;
				SDKROOT = iphoneos;
				SWIFT_ACTIVE_COMPILATION_CONDITIONS = "DEBUG $(inherited)";
				SWIFT_OPTIMIZATION_LEVEL = "-Onone";
			};
			name = Debug;
		};
		338843A62D7D8A28002D07FD /* Release */ = {
			isa = XCBuildConfiguration;
			buildSettings = {
				ALWAYS_SEARCH_USER_PATHS = NO;
				ASSETCATALOG_COMPILER_GENERATE_SWIFT_ASSET_SYMBOL_EXTENSIONS = YES;
				CLANG_ANALYZER_NONNULL = YES;
				CLANG_ANALYZER_NUMBER_OBJECT_CONVERSION = YES_AGGRESSIVE;
				CLANG_CXX_LANGUAGE_STANDARD = "gnu++20";
				CLANG_ENABLE_MODULES = YES;
				CLANG_ENABLE_OBJC_ARC = YES;
				CLANG_ENABLE_OBJC_WEAK = YES;
				CLANG_WARN_BLOCK_CAPTURE_AUTORELEASING = YES;
				CLANG_WARN_BOOL_CONVERSION = YES;
				CLANG_WARN_COMMA = YES;
				CLANG_WARN_CONSTANT_CONVERSION = YES;
				CLANG_WARN_DEPRECATED_OBJC_IMPLEMENTATIONS = YES;
				CLANG_WARN_DIRECT_OBJC_ISA_USAGE = YES_ERROR;
				CLANG_WARN_DOCUMENTATION_COMMENTS = YES;
				CLANG_WARN_EMPTY_BODY = YES;
				CLANG_WARN_ENUM_CONVERSION = YES;
				CLANG_WARN_INFINITE_RECURSION = YES;
				CLANG_WARN_INT_CONVERSION = YES;
				CLANG_WARN_NON_LITERAL_NULL_CONVERSION = YES;
				CLANG_WARN_OBJC_IMPLICIT_RETAIN_SELF = YES;
				CLANG_WARN_OBJC_LITERAL_CONVERSION = YES;
				CLANG_WARN_OBJC_ROOT_CLASS = YES_ERROR;
				CLANG_WARN_QUOTED_INCLUDE_IN_FRAMEWORK_HEADER = YES;
				CLANG_WARN_RANGE_LOOP_ANALYSIS = YES;
				CLANG_WARN_STRICT_PROTOTYPES = YES;
				CLANG_WARN_SUSPICIOUS_MOVE = YES;
				CLANG_WARN_UNGUARDED_AVAILABILITY = YES_AGGRESSIVE;
				CLANG_WARN_UNREACHABLE_CODE = YES;
				CLANG_WARN__DUPLICATE_METHOD_MATCH = YES;
				COPY_PHASE_STRIP = NO;
				DEBUG_INFORMATION_FORMAT = "dwarf-with-dsym";
				ENABLE_NS_ASSERTIONS = NO;
				ENABLE_STRICT_OBJC_MSGSEND = YES;
				ENABLE_USER_SCRIPT_SANDBOXING = YES;
				GCC_C_LANGUAGE_STANDARD = gnu17;
				GCC_NO_COMMON_BLOCKS = YES;
				GCC_WARN_64_TO_32_BIT_CONVERSION = YES;
				GCC_WARN_ABOUT_RETURN_TYPE = YES_ERROR;
				GCC_WARN_UNDECLARED_SELECTOR = YES;
				GCC_WARN_UNINITIALIZED_AUTOS = YES_AGGRESSIVE;
				GCC_WARN_UNUSED_FUNCTION = YES;
				GCC_WARN_UNUSED_VARIABLE = YES;
				IPHONEOS_DEPLOYMENT_TARGET = 18.2;
				LOCALIZATION_PREFERS_STRING_CATALOGS = YES;
				MTL_ENABLE_DEBUG_INFO = NO;
				MTL_FAST_MATH = YES;
				SDKROOT = iphoneos;
				SWIFT_COMPILATION_MODE = wholemodule;
				VALIDATE_PRODUCT = YES;
			};
			name = Release;
		};
/* End XCBuildConfiguration section */

/* Begin XCConfigurationList section */
		3388438A2D7D8A26002D07FD /* Build configuration list for PBXProject "Loader" */ = {
			isa = XCConfigurationList;
			buildConfigurations = (
				338843A52D7D8A28002D07FD /* Debug */,
				338843A62D7D8A28002D07FD /* Release */,
			);
			defaultConfigurationIsVisible = 0;
			defaultConfigurationName = Release;
		};
		338843A22D7D8A28002D07FD /* Build configuration list for PBXNativeTarget "Loader" */ = {
			isa = XCConfigurationList;
			buildConfigurations = (
				338843A32D7D8A28002D07FD /* Debug */,
				338843A42D7D8A28002D07FD /* Release */,
			);
			defaultConfigurationIsVisible = 0;
			defaultConfigurationName = Release;
		};
/* End XCConfigurationList section */

/* Begin XCLocalSwiftPackageReference section */
		336FA5962D8C381400E28B8F /* XCLocalSwiftPackageReference "NimbleKit" */ = {
			isa = XCLocalSwiftPackageReference;
			relativePath = NimbleKit;
		};
/* End XCLocalSwiftPackageReference section */

/* Begin XCSwiftPackageProductDependency section */
		336FA5972D8C381500E28B8F /* NimbleAnimations */ = {
			isa = XCSwiftPackageProductDependency;
			productName = NimbleAnimations;
		};
		336FA5992D8C381500E28B8F /* NimbleExtensions */ = {
			isa = XCSwiftPackageProductDependency;
			productName = NimbleExtensions;
		};
		336FA59B2D8C381500E28B8F /* NimbleJSON */ = {
			isa = XCSwiftPackageProductDependency;
			productName = NimbleJSON;
		};
/* End XCSwiftPackageProductDependency section */
	};
	rootObject = 338843872D7D8A26002D07FD /* Project object */;
}
