// !$*UTF8*$!
{
	archiveVersion = 1;
	classes = {
	};
	objectVersion = 60;
	objects = {

/* Begin PBXBuildFile section */
		331D48B92DA858B1006A37B2 /* UITableView+image.swift in Sources */ = {isa = PBXBuildFile; fileRef = 331D48B82DA858B1006A37B2 /* UITableView+image.swift */; };
		3331318D2D8EAB50001B35CE /* LRBootstrapViewController+transition.swift in Sources */ = {isa = PBXBuildFile; fileRef = 3331318C2D8EAB50001B35CE /* LRBootstrapViewController+transition.swift */; };
		336FA5982D8C381500E28B8F /* NimbleAnimations in Frameworks */ = {isa = PBXBuildFile; productRef = 336FA5972D8C381500E28B8F /* NimbleAnimations */; };
		336FA59A2D8C381500E28B8F /* NimbleExtensions in Frameworks */ = {isa = PBXBuildFile; productRef = 336FA5992D8C381500E28B8F /* NimbleExtensions */; };
		336FA59C2D8C381500E28B8F /* NimbleJSON in Frameworks */ = {isa = PBXBuildFile; productRef = 336FA59B2D8C381500E28B8F /* NimbleJSON */; };
		339714652D94E1EB0060E08F /* NimbleViewControllers in Frameworks */ = {isa = PBXBuildFile; productRef = 339714642D94E1EB0060E08F /* NimbleViewControllers */; };
		33DB517E2D7D9E800060EAC4 /* libMobileGestalt.tbd in Frameworks */ = {isa = PBXBuildFile; fileRef = 33DB517D2D7D9E750060EAC4 /* libMobileGestalt.tbd */; };
		33DB51892D7DA06B0060EAC4 /* IOKit.framework in Frameworks */ = {isa = PBXBuildFile; fileRef = 33DB51882D7DA06B0060EAC4 /* IOKit.framework */; platformFilter = ios; };
		33DB518B2D7DA0740060EAC4 /* CoreServices.framework in Frameworks */ = {isa = PBXBuildFile; fileRef = 33DB518A2D7DA0740060EAC4 /* CoreServices.framework */; };
		AF966AAA2D8C6840001BA405 /* Assets.xcassets in Resources */ = {isa = PBXBuildFile; fileRef = AF966A6F2D8C6840001BA405 /* Assets.xcassets */; };
		AF966AAB2D8C6840001BA405 /* Localizable.xcstrings in Resources */ = {isa = PBXBuildFile; fileRef = AF966A702D8C6840001BA405 /* Localizable.xcstrings */; };
		AF966AAD2D8C6840001BA405 /* IOKit.tbd in Frameworks */ = {isa = PBXBuildFile; fileRef = AF966A762D8C6840001BA405 /* IOKit.tbd */; platformFilters = (tvos, ); };
		AF966AAE2D8C6840001BA405 /* UIApplication+open.swift in Sources */ = {isa = PBXBuildFile; fileRef = AF966A672D8C6840001BA405 /* UIApplication+open.swift */; };
		AF966AAF2D8C6840001BA405 /* UIDevice+Info.swift in Sources */ = {isa = PBXBuildFile; fileRef = AF966A692D8C6840001BA405 /* UIDevice+Info.swift */; };
		AF966AB02D8C6840001BA405 /* UIDevice+Jailbreak.swift in Sources */ = {isa = PBXBuildFile; fileRef = AF966A6A2D8C6840001BA405 /* UIDevice+Jailbreak.swift */; };
		AF966AB12D8C6840001BA405 /* String+prefix.swift in Sources */ = {isa = PBXBuildFile; fileRef = AF966A6C2D8C6840001BA405 /* String+prefix.swift */; };
		AF966AB22D8C6840001BA405 /* UIAlertController+Alerts.swift in Sources */ = {isa = PBXBuildFile; fileRef = AF966A6D2D8C6840001BA405 /* UIAlertController+Alerts.swift */; };
		AF966AB32D8C6840001BA405 /* LRBootstrapper.swift in Sources */ = {isa = PBXBuildFile; fileRef = AF966A7A2D8C6840001BA405 /* LRBootstrapper.swift */; };
		AF966AB42D8C6840001BA405 /* LRBootstrapper+download.swift in Sources */ = {isa = PBXBuildFile; fileRef = AF966A7B2D8C6840001BA405 /* LRBootstrapper+download.swift */; };
		AF966AB52D8C6840001BA405 /* LRBootstrapper+status.swift in Sources */ = {isa = PBXBuildFile; fileRef = AF966A7C2D8C6840001BA405 /* LRBootstrapper+status.swift */; };
		AF966AB62D8C6840001BA405 /* LRConfig.swift in Sources */ = {isa = PBXBuildFile; fileRef = AF966A7E2D8C6840001BA405 /* LRConfig.swift */; };
		AF966AB72D8C6840001BA405 /* LREnvironment.swift in Sources */ = {isa = PBXBuildFile; fileRef = AF966A812D8C6840001BA405 /* LREnvironment.swift */; };
		AF966AB82D8C6840001BA405 /* LREnvironment+prefixes.swift in Sources */ = {isa = PBXBuildFile; fileRef = AF966A822D8C6840001BA405 /* LREnvironment+prefixes.swift */; };
		AF966AB92D8C6840001BA405 /* LREnvironment+reset.swift in Sources */ = {isa = PBXBuildFile; fileRef = AF966A832D8C6840001BA405 /* LREnvironment+reset.swift */; };
		AF966ABA2D8C6840001BA405 /* LREnvironment+spawn.swift in Sources */ = {isa = PBXBuildFile; fileRef = AF966A842D8C6840001BA405 /* LREnvironment+spawn.swift */; };
		AF966ABB2D8C6840001BA405 /* jailbreakd.c in Sources */ = {isa = PBXBuildFile; fileRef = AF966A872D8C6840001BA405 /* jailbreakd.c */; };
		AF966ABC2D8C6840001BA405 /* JailbreakD.swift in Sources */ = {isa = PBXBuildFile; fileRef = AF966A882D8C6840001BA405 /* JailbreakD.swift */; };
		AF966ABF2D8C6840001BA405 /* LRStagedViewController.swift in Sources */ = {isa = PBXBuildFile; fileRef = AF966A8F2D8C6840001BA405 /* LRStagedViewController.swift */; };
		AF966AC02D8C6840001BA405 /* LRStagedViewController+UpdateItem.swift in Sources */ = {isa = PBXBuildFile; fileRef = AF966A902D8C6840001BA405 /* LRStagedViewController+UpdateItem.swift */; };
		AF966AC62D8C6840001BA405 /* LRBootstrapViewController.swift in Sources */ = {isa = PBXBuildFile; fileRef = AF966A982D8C6840001BA405 /* LRBootstrapViewController.swift */; };
		AF966AC72D8C6840001BA405 /* LRSettingsFlagsViewController.swift in Sources */ = {isa = PBXBuildFile; fileRef = AF966A9A2D8C6840001BA405 /* LRSettingsFlagsViewController.swift */; };
		AF966AC82D8C6840001BA405 /* LRSettingsAboutViewController.swift in Sources */ = {isa = PBXBuildFile; fileRef = AF966A9C2D8C6840001BA405 /* LRSettingsAboutViewController.swift */; };
		AF966ACA2D8C6840001BA405 /* LRSettingsCreditsViewController.swift in Sources */ = {isa = PBXBuildFile; fileRef = AF966AA02D8C6840001BA405 /* LRSettingsCreditsViewController.swift */; };
		AF966ACB2D8C6840001BA405 /* LRSettingsViewController.swift in Sources */ = {isa = PBXBuildFile; fileRef = AF966AA22D8C6840001BA405 /* LRSettingsViewController.swift */; };
		AF966ACC2D8C6840001BA405 /* LRTabbarController.swift in Sources */ = {isa = PBXBuildFile; fileRef = AF966AA42D8C6840001BA405 /* LRTabbarController.swift */; };
		AF966ACD2D8C6840001BA405 /* AppDelegate.swift in Sources */ = {isa = PBXBuildFile; fileRef = AF966AA62D8C6840001BA405 /* AppDelegate.swift */; };
		AF966ACE2D8C6840001BA405 /* SceneDelegate.swift in Sources */ = {isa = PBXBuildFile; fileRef = AF966AA82D8C6840001BA405 /* SceneDelegate.swift */; };
/* End PBXBuildFile section */

/* Begin PBXFileReference section */
		331D48B82DA858B1006A37B2 /* UITableView+image.swift */ = {isa = PBXFileReference; lastKnownFileType = sourcecode.swift; path = "UITableView+image.swift"; sourceTree = "<group>"; };
		3331318C2D8EAB50001B35CE /* LRBootstrapViewController+transition.swift */ = {isa = PBXFileReference; lastKnownFileType = sourcecode.swift; path = "LRBootstrapViewController+transition.swift"; sourceTree = "<group>"; };
		336FA59D2D8C385900E28B8F /* CoreFoundation.framework */ = {isa = PBXFileReference; lastKnownFileType = wrapper.framework; name = CoreFoundation.framework; path = Platforms/AppleTVOS.platform/Developer/SDKs/AppleTVOS18.2.sdk/System/Library/Frameworks/CoreFoundation.framework; sourceTree = DEVELOPER_DIR; };
		3388438F2D7D8A26002D07FD /* Loader.app */ = {isa = PBXFileReference; explicitFileType = wrapper.application; includeInIndex = 0; path = Loader.app; sourceTree = BUILT_PRODUCTS_DIR; };
		33DB517D2D7D9E750060EAC4 /* libMobileGestalt.tbd */ = {isa = PBXFileReference; lastKnownFileType = "sourcecode.text-based-dylib-definition"; name = libMobileGestalt.tbd; path = usr/lib/libMobileGestalt.tbd; sourceTree = SDKROOT; };
		33DB51882D7DA06B0060EAC4 /* IOKit.framework */ = {isa = PBXFileReference; lastKnownFileType = wrapper.framework; name = IOKit.framework; path = System/Library/Frameworks/IOKit.framework; sourceTree = SDKROOT; };
		33DB518A2D7DA0740060EAC4 /* CoreServices.framework */ = {isa = PBXFileReference; lastKnownFileType = wrapper.framework; name = CoreServices.framework; path = System/Library/Frameworks/CoreServices.framework; sourceTree = SDKROOT; };
		33DB518E2D7DA1720060EAC4 /* Loader.xcconfig */ = {isa = PBXFileReference; lastKnownFileType = text.xcconfig; path = Loader.xcconfig; sourceTree = "<group>"; };
		33E658082D93C58400BEDFA5 /* Macros.h */ = {isa = PBXFileReference; lastKnownFileType = sourcecode.c.h; path = Macros.h; sourceTree = "<group>"; };
		AF966A672D8C6840001BA405 /* UIApplication+open.swift */ = {isa = PBXFileReference; lastKnownFileType = sourcecode.swift; path = "UIApplication+open.swift"; sourceTree = "<group>"; };
		AF966A692D8C6840001BA405 /* UIDevice+Info.swift */ = {isa = PBXFileReference; lastKnownFileType = sourcecode.swift; path = "UIDevice+Info.swift"; sourceTree = "<group>"; };
		AF966A6A2D8C6840001BA405 /* UIDevice+Jailbreak.swift */ = {isa = PBXFileReference; lastKnownFileType = sourcecode.swift; path = "UIDevice+Jailbreak.swift"; sourceTree = "<group>"; };
		AF966A6C2D8C6840001BA405 /* String+prefix.swift */ = {isa = PBXFileReference; lastKnownFileType = sourcecode.swift; path = "String+prefix.swift"; sourceTree = "<group>"; };
		AF966A6D2D8C6840001BA405 /* UIAlertController+Alerts.swift */ = {isa = PBXFileReference; lastKnownFileType = sourcecode.swift; path = "UIAlertController+Alerts.swift"; sourceTree = "<group>"; };
		AF966A6F2D8C6840001BA405 /* Assets.xcassets */ = {isa = PBXFileReference; lastKnownFileType = folder.assetcatalog; path = Assets.xcassets; sourceTree = "<group>"; };
		AF966A702D8C6840001BA405 /* Localizable.xcstrings */ = {isa = PBXFileReference; lastKnownFileType = text.json.xcstrings; path = Localizable.xcstrings; sourceTree = "<group>"; };
		AF966A722D8C6840001BA405 /* LSApplicationWorkspace.h */ = {isa = PBXFileReference; lastKnownFileType = sourcecode.c.h; path = LSApplicationWorkspace.h; sourceTree = "<group>"; };
		AF966A732D8C6840001BA405 /* MobileGestalt.h */ = {isa = PBXFileReference; lastKnownFileType = sourcecode.c.h; path = MobileGestalt.h; sourceTree = "<group>"; };
		AF966A742D8C6840001BA405 /* posixspawn.h */ = {isa = PBXFileReference; lastKnownFileType = sourcecode.c.h; path = posixspawn.h; sourceTree = "<group>"; };
		AF966A762D8C6840001BA405 /* IOKit.tbd */ = {isa = PBXFileReference; lastKnownFileType = "sourcecode.text-based-dylib-definition"; path = IOKit.tbd; sourceTree = "<group>"; };
		AF966A772D8C6840001BA405 /* loader.entitlements */ = {isa = PBXFileReference; lastKnownFileType = text.plist.entitlements; path = loader.entitlements; sourceTree = "<group>"; };
		AF966A782D8C6840001BA405 /* Loader-Bridging-Header.h */ = {isa = PBXFileReference; lastKnownFileType = sourcecode.c.h; path = "Loader-Bridging-Header.h"; sourceTree = "<group>"; };
		AF966A7A2D8C6840001BA405 /* LRBootstrapper.swift */ = {isa = PBXFileReference; lastKnownFileType = sourcecode.swift; path = LRBootstrapper.swift; sourceTree = "<group>"; };
		AF966A7B2D8C6840001BA405 /* LRBootstrapper+download.swift */ = {isa = PBXFileReference; lastKnownFileType = sourcecode.swift; path = "LRBootstrapper+download.swift"; sourceTree = "<group>"; };
		AF966A7C2D8C6840001BA405 /* LRBootstrapper+status.swift */ = {isa = PBXFileReference; lastKnownFileType = sourcecode.swift; path = "LRBootstrapper+status.swift"; sourceTree = "<group>"; };
		AF966A7E2D8C6840001BA405 /* LRConfig.swift */ = {isa = PBXFileReference; lastKnownFileType = sourcecode.swift; path = LRConfig.swift; sourceTree = "<group>"; };
		AF966A812D8C6840001BA405 /* LREnvironment.swift */ = {isa = PBXFileReference; lastKnownFileType = sourcecode.swift; path = LREnvironment.swift; sourceTree = "<group>"; };
		AF966A822D8C6840001BA405 /* LREnvironment+prefixes.swift */ = {isa = PBXFileReference; lastKnownFileType = sourcecode.swift; path = "LREnvironment+prefixes.swift"; sourceTree = "<group>"; };
		AF966A832D8C6840001BA405 /* LREnvironment+reset.swift */ = {isa = PBXFileReference; lastKnownFileType = sourcecode.swift; path = "LREnvironment+reset.swift"; sourceTree = "<group>"; };
		AF966A842D8C6840001BA405 /* LREnvironment+spawn.swift */ = {isa = PBXFileReference; lastKnownFileType = sourcecode.swift; path = "LREnvironment+spawn.swift"; sourceTree = "<group>"; };
		AF966A862D8C6840001BA405 /* jailbreakd.h */ = {isa = PBXFileReference; lastKnownFileType = sourcecode.c.h; path = jailbreakd.h; sourceTree = "<group>"; };
		AF966A872D8C6840001BA405 /* jailbreakd.c */ = {isa = PBXFileReference; lastKnownFileType = sourcecode.c.c; path = jailbreakd.c; sourceTree = "<group>"; };
		AF966A882D8C6840001BA405 /* JailbreakD.swift */ = {isa = PBXFileReference; lastKnownFileType = sourcecode.swift; path = JailbreakD.swift; sourceTree = "<group>"; };
		AF966A8F2D8C6840001BA405 /* LRStagedViewController.swift */ = {isa = PBXFileReference; lastKnownFileType = sourcecode.swift; path = LRStagedViewController.swift; sourceTree = "<group>"; };
		AF966A902D8C6840001BA405 /* LRStagedViewController+UpdateItem.swift */ = {isa = PBXFileReference; lastKnownFileType = sourcecode.swift; path = "LRStagedViewController+UpdateItem.swift"; sourceTree = "<group>"; };
		AF966A982D8C6840001BA405 /* LRBootstrapViewController.swift */ = {isa = PBXFileReference; lastKnownFileType = sourcecode.swift; path = LRBootstrapViewController.swift; sourceTree = "<group>"; };
		AF966A9A2D8C6840001BA405 /* LRSettingsFlagsViewController.swift */ = {isa = PBXFileReference; lastKnownFileType = sourcecode.swift; path = LRSettingsFlagsViewController.swift; sourceTree = "<group>"; };
		AF966A9C2D8C6840001BA405 /* LRSettingsAboutViewController.swift */ = {isa = PBXFileReference; lastKnownFileType = sourcecode.swift; path = LRSettingsAboutViewController.swift; sourceTree = "<group>"; };
		AF966AA02D8C6840001BA405 /* LRSettingsCreditsViewController.swift */ = {isa = PBXFileReference; lastKnownFileType = sourcecode.swift; path = LRSettingsCreditsViewController.swift; sourceTree = "<group>"; };
		AF966AA22D8C6840001BA405 /* LRSettingsViewController.swift */ = {isa = PBXFileReference; lastKnownFileType = sourcecode.swift; path = LRSettingsViewController.swift; sourceTree = "<group>"; };
		AF966AA42D8C6840001BA405 /* LRTabbarController.swift */ = {isa = PBXFileReference; lastKnownFileType = sourcecode.swift; path = LRTabbarController.swift; sourceTree = "<group>"; };
		AF966AA62D8C6840001BA405 /* AppDelegate.swift */ = {isa = PBXFileReference; lastKnownFileType = sourcecode.swift; path = AppDelegate.swift; sourceTree = "<group>"; };
		AF966AA72D8C6840001BA405 /* Info.plist */ = {isa = PBXFileReference; lastKnownFileType = text.plist.xml; path = Info.plist; sourceTree = "<group>"; };
		AF966AA82D8C6840001BA405 /* SceneDelegate.swift */ = {isa = PBXFileReference; lastKnownFileType = sourcecode.swift; path = SceneDelegate.swift; sourceTree = "<group>"; };
/* End PBXFileReference section */

/* Begin PBXFrameworksBuildPhase section */
		3388438C2D7D8A26002D07FD /* Frameworks */ = {
			isa = PBXFrameworksBuildPhase;
			buildActionMask = 2147483647;
			files = (
				33DB517E2D7D9E800060EAC4 /* libMobileGestalt.tbd in Frameworks */,
				33DB518B2D7DA0740060EAC4 /* CoreServices.framework in Frameworks */,
				336FA5982D8C381500E28B8F /* NimbleAnimations in Frameworks */,
				336FA59C2D8C381500E28B8F /* NimbleJSON in Frameworks */,
				33DB51892D7DA06B0060EAC4 /* IOKit.framework in Frameworks */,
				336FA59A2D8C381500E28B8F /* NimbleExtensions in Frameworks */,
				339714652D94E1EB0060E08F /* NimbleViewControllers in Frameworks */,
				AF966AAD2D8C6840001BA405 /* IOKit.tbd in Frameworks */,
			);
			runOnlyForDeploymentPostprocessing = 0;
		};
/* End PBXFrameworksBuildPhase section */

/* Begin PBXGroup section */
		338843862D7D8A26002D07FD = {
			isa = PBXGroup;
			children = (
				AF966AA92D8C6840001BA405 /* Loader */,
				33DB518C2D7DA15D0060EAC4 /* Configuration */,
				33DB517C2D7D9E740060EAC4 /* Frameworks */,
				338843902D7D8A26002D07FD /* Products */,
			);
			sourceTree = "<group>";
		};
		338843902D7D8A26002D07FD /* Products */ = {
			isa = PBXGroup;
			children = (
				3388438F2D7D8A26002D07FD /* Loader.app */,
			);
			name = Products;
			sourceTree = "<group>";
		};
		33DB517C2D7D9E740060EAC4 /* Frameworks */ = {
			isa = PBXGroup;
			children = (
				336FA59D2D8C385900E28B8F /* CoreFoundation.framework */,
				33DB518A2D7DA0740060EAC4 /* CoreServices.framework */,
				33DB51882D7DA06B0060EAC4 /* IOKit.framework */,
				33DB517D2D7D9E750060EAC4 /* libMobileGestalt.tbd */,
			);
			name = Frameworks;
			sourceTree = "<group>";
		};
		33DB518C2D7DA15D0060EAC4 /* Configuration */ = {
			isa = PBXGroup;
			children = (
				33DB518E2D7DA1720060EAC4 /* Loader.xcconfig */,
			);
			path = Configuration;
			sourceTree = "<group>";
		};
		AF966A682D8C6840001BA405 /* UIApplication */ = {
			isa = PBXGroup;
			children = (
				AF966A672D8C6840001BA405 /* UIApplication+open.swift */,
			);
			path = UIApplication;
			sourceTree = "<group>";
		};
		AF966A6B2D8C6840001BA405 /* UIDevice */ = {
			isa = PBXGroup;
			children = (
				AF966A692D8C6840001BA405 /* UIDevice+Info.swift */,
				AF966A6A2D8C6840001BA405 /* UIDevice+Jailbreak.swift */,
			);
			path = UIDevice;
			sourceTree = "<group>";
		};
		AF966A6E2D8C6840001BA405 /* Extensions */ = {
			isa = PBXGroup;
			children = (
				331D48B82DA858B1006A37B2 /* UITableView+image.swift */,
				AF966A682D8C6840001BA405 /* UIApplication */,
				AF966A6B2D8C6840001BA405 /* UIDevice */,
				AF966A6C2D8C6840001BA405 /* String+prefix.swift */,
				AF966A6D2D8C6840001BA405 /* UIAlertController+Alerts.swift */,
			);
			path = Extensions;
			sourceTree = "<group>";
		};
		AF966A712D8C6840001BA405 /* Resources */ = {
			isa = PBXGroup;
			children = (
				AF966A6F2D8C6840001BA405 /* Assets.xcassets */,
				AF966A702D8C6840001BA405 /* Localizable.xcstrings */,
				AF966AA72D8C6840001BA405 /* Info.plist */,
			);
			path = Resources;
			sourceTree = "<group>";
		};
		AF966A752D8C6840001BA405 /* Headers */ = {
			isa = PBXGroup;
			children = (
				33E658082D93C58400BEDFA5 /* Macros.h */,
				AF966A722D8C6840001BA405 /* LSApplicationWorkspace.h */,
				AF966A732D8C6840001BA405 /* MobileGestalt.h */,
				AF966A742D8C6840001BA405 /* posixspawn.h */,
			);
			path = Headers;
			sourceTree = "<group>";
		};
		AF966A792D8C6840001BA405 /* Supporting Files */ = {
			isa = PBXGroup;
			children = (
				AF966A752D8C6840001BA405 /* Headers */,
				AF966A762D8C6840001BA405 /* IOKit.tbd */,
				AF966A772D8C6840001BA405 /* loader.entitlements */,
				AF966A782D8C6840001BA405 /* Loader-Bridging-Header.h */,
			);
			path = "Supporting Files";
			sourceTree = "<group>";
		};
		AF966A7D2D8C6840001BA405 /* Bootstrap */ = {
			isa = PBXGroup;
			children = (
				AF966A7A2D8C6840001BA405 /* LRBootstrapper.swift */,
				AF966A7B2D8C6840001BA405 /* LRBootstrapper+download.swift */,
				AF966A7C2D8C6840001BA405 /* LRBootstrapper+status.swift */,
			);
			path = Bootstrap;
			sourceTree = "<group>";
		};
		AF966A7F2D8C6840001BA405 /* Models */ = {
			isa = PBXGroup;
			children = (
				AF966A7E2D8C6840001BA405 /* LRConfig.swift */,
			);
			path = Models;
			sourceTree = "<group>";
		};
		AF966A802D8C6840001BA405 /* Config */ = {
			isa = PBXGroup;
			children = (
				AF966A7F2D8C6840001BA405 /* Models */,
			);
			path = Config;
			sourceTree = "<group>";
		};
		AF966A852D8C6840001BA405 /* Environment */ = {
			isa = PBXGroup;
			children = (
				AF966A812D8C6840001BA405 /* LREnvironment.swift */,
				AF966A822D8C6840001BA405 /* LREnvironment+prefixes.swift */,
				AF966A832D8C6840001BA405 /* LREnvironment+reset.swift */,
				AF966A842D8C6840001BA405 /* LREnvironment+spawn.swift */,
			);
			path = Environment;
			sourceTree = "<group>";
		};
		AF966A892D8C6840001BA405 /* XPC */ = {
			isa = PBXGroup;
			children = (
				AF966A862D8C6840001BA405 /* jailbreakd.h */,
				AF966A872D8C6840001BA405 /* jailbreakd.c */,
				AF966A882D8C6840001BA405 /* JailbreakD.swift */,
			);
			path = XPC;
			sourceTree = "<group>";
		};
		AF966A8A2D8C6840001BA405 /* Utilities */ = {
			isa = PBXGroup;
			children = (
				AF966A7D2D8C6840001BA405 /* Bootstrap */,
				AF966A802D8C6840001BA405 /* Config */,
				AF966A852D8C6840001BA405 /* Environment */,
				AF966A892D8C6840001BA405 /* XPC */,
			);
			path = Utilities;
			sourceTree = "<group>";
		};
		AF966A932D8C6840001BA405 /* Bootstrap */ = {
			isa = PBXGroup;
			children = (
				AF966A8F2D8C6840001BA405 /* LRStagedViewController.swift */,
				AF966A902D8C6840001BA405 /* LRStagedViewController+UpdateItem.swift */,
			);
			path = Bootstrap;
			sourceTree = "<group>";
		};
		AF966A992D8C6840001BA405 /* Selection */ = {
			isa = PBXGroup;
			children = (
				AF966A982D8C6840001BA405 /* LRBootstrapViewController.swift */,
				3331318C2D8EAB50001B35CE /* LRBootstrapViewController+transition.swift */,
			);
			path = Selection;
			sourceTree = "<group>";
		};
		AF966A9B2D8C6840001BA405 /* Flags */ = {
			isa = PBXGroup;
			children = (
				AF966A9A2D8C6840001BA405 /* LRSettingsFlagsViewController.swift */,
			);
			path = Flags;
			sourceTree = "<group>";
		};
		AF966A9D2D8C6840001BA405 /* About */ = {
			isa = PBXGroup;
			children = (
				AF966A9B2D8C6840001BA405 /* Flags */,
				AF966A9C2D8C6840001BA405 /* LRSettingsAboutViewController.swift */,
			);
			path = About;
			sourceTree = "<group>";
		};
		AF966AA12D8C6840001BA405 /* Credits */ = {
			isa = PBXGroup;
			children = (
				AF966AA02D8C6840001BA405 /* LRSettingsCreditsViewController.swift */,
			);
			path = Credits;
			sourceTree = "<group>";
		};
		AF966AA32D8C6840001BA405 /* Settings */ = {
			isa = PBXGroup;
			children = (
				AF966A9D2D8C6840001BA405 /* About */,
				AF966AA12D8C6840001BA405 /* Credits */,
				AF966AA22D8C6840001BA405 /* LRSettingsViewController.swift */,
			);
			path = Settings;
			sourceTree = "<group>";
		};
		AF966AA52D8C6840001BA405 /* Views */ = {
			isa = PBXGroup;
			children = (
				AF966A932D8C6840001BA405 /* Bootstrap */,
				AF966A992D8C6840001BA405 /* Selection */,
				AF966AA32D8C6840001BA405 /* Settings */,
				AF966AA42D8C6840001BA405 /* LRTabbarController.swift */,
			);
			path = Views;
			sourceTree = "<group>";
		};
		AF966AA92D8C6840001BA405 /* Loader */ = {
			isa = PBXGroup;
			children = (
				AF966A6E2D8C6840001BA405 /* Extensions */,
				AF966A712D8C6840001BA405 /* Resources */,
				AF966A792D8C6840001BA405 /* Supporting Files */,
				AF966A8A2D8C6840001BA405 /* Utilities */,
				AF966AA52D8C6840001BA405 /* Views */,
				AF966AA62D8C6840001BA405 /* AppDelegate.swift */,
				AF966AA82D8C6840001BA405 /* SceneDelegate.swift */,
			);
			path = Loader;
			sourceTree = "<group>";
		};
/* End PBXGroup section */

/* Begin PBXNativeTarget section */
		3388438E2D7D8A26002D07FD /* Loader */ = {
			isa = PBXNativeTarget;
			buildConfigurationList = 338843A22D7D8A28002D07FD /* Build configuration list for PBXNativeTarget "Loader" */;
			buildPhases = (
				3388438B2D7D8A26002D07FD /* Sources */,
				3388438C2D7D8A26002D07FD /* Frameworks */,
				3388438D2D7D8A26002D07FD /* Resources */,
			);
			buildRules = (
			);
			dependencies = (
			);
			name = Loader;
			packageProductDependencies = (
				336FA5972D8C381500E28B8F /* NimbleAnimations */,
				336FA5992D8C381500E28B8F /* NimbleExtensions */,
				336FA59B2D8C381500E28B8F /* NimbleJSON */,
				339714642D94E1EB0060E08F /* NimbleViewControllers */,
			);
			productName = Loader;
			productReference = 3388438F2D7D8A26002D07FD /* Loader.app */;
			productType = "com.apple.product-type.application";
		};
/* End PBXNativeTarget section */

/* Begin PBXProject section */
		338843872D7D8A26002D07FD /* Project object */ = {
			isa = PBXProject;
			attributes = {
				BuildIndependentTargetsInParallel = 1;
				LastSwiftUpdateCheck = 1620;
				LastUpgradeCheck = 1620;
				TargetAttributes = {
					3388438E2D7D8A26002D07FD = {
						CreatedOnToolsVersion = 16.2;
						LastSwiftMigration = 1620;
					};
				};
			};
			buildConfigurationList = 3388438A2D7D8A26002D07FD /* Build configuration list for PBXProject "Loader" */;
			compatibilityVersion = "Xcode 15.0";
			developmentRegion = en;
			hasScannedForEncodings = 0;
			knownRegions = (
				en,
				Base,
			);
			mainGroup = 338843862D7D8A26002D07FD;
			packageReferences = (
				336FA5962D8C381400E28B8F /* XCLocalSwiftPackageReference "NimbleKit" */,
			);
			productRefGroup = 338843902D7D8A26002D07FD /* Products */;
			projectDirPath = "";
			projectRoot = "";
			targets = (
				3388438E2D7D8A26002D07FD /* Loader */,
			);
		};
/* End PBXProject section */

/* Begin PBXResourcesBuildPhase section */
		3388438D2D7D8A26002D07FD /* Resources */ = {
			isa = PBXResourcesBuildPhase;
			buildActionMask = 2147483647;
			files = (
				AF966AAA2D8C6840001BA405 /* Assets.xcassets in Resources */,
				AF966AAB2D8C6840001BA405 /* Localizable.xcstrings in Resources */,
			);
			runOnlyForDeploymentPostprocessing = 0;
		};
/* End PBXResourcesBuildPhase section */

/* Begin PBXSourcesBuildPhase section */
		3388438B2D7D8A26002D07FD /* Sources */ = {
			isa = PBXSourcesBuildPhase;
			buildActionMask = 2147483647;
			files = (
				AF966AAE2D8C6840001BA405 /* UIApplication+open.swift in Sources */,
				AF966AAF2D8C6840001BA405 /* UIDevice+Info.swift in Sources */,
				AF966AB02D8C6840001BA405 /* UIDevice+Jailbreak.swift in Sources */,
				AF966AB12D8C6840001BA405 /* String+prefix.swift in Sources */,
				AF966AB22D8C6840001BA405 /* UIAlertController+Alerts.swift in Sources */,
				AF966AB32D8C6840001BA405 /* LRBootstrapper.swift in Sources */,
				AF966AB42D8C6840001BA405 /* LRBootstrapper+download.swift in Sources */,
				AF966AB52D8C6840001BA405 /* LRBootstrapper+status.swift in Sources */,
				AF966AB62D8C6840001BA405 /* LRConfig.swift in Sources */,
				331D48B92DA858B1006A37B2 /* UITableView+image.swift in Sources */,
				AF966AB72D8C6840001BA405 /* LREnvironment.swift in Sources */,
				3331318D2D8EAB50001B35CE /* LRBootstrapViewController+transition.swift in Sources */,
				AF966AB82D8C6840001BA405 /* LREnvironment+prefixes.swift in Sources */,
				AF966AB92D8C6840001BA405 /* LREnvironment+reset.swift in Sources */,
				AF966ABA2D8C6840001BA405 /* LREnvironment+spawn.swift in Sources */,
				AF966ABB2D8C6840001BA405 /* jailbreakd.c in Sources */,
				AF966ABC2D8C6840001BA405 /* JailbreakD.swift in Sources */,
				AF966ABF2D8C6840001BA405 /* LRStagedViewController.swift in Sources */,
				AF966AC02D8C6840001BA405 /* LRStagedViewController+UpdateItem.swift in Sources */,
				AF966AC62D8C6840001BA405 /* LRBootstrapViewController.swift in Sources */,
				AF966AC72D8C6840001BA405 /* LRSettingsFlagsViewController.swift in Sources */,
				AF966AC82D8C6840001BA405 /* LRSettingsAboutViewController.swift in Sources */,
				AF966ACA2D8C6840001BA405 /* LRSettingsCreditsViewController.swift in Sources */,
				AF966ACB2D8C6840001BA405 /* LRSettingsViewController.swift in Sources */,
				AF966ACC2D8C6840001BA405 /* LRTabbarController.swift in Sources */,
				AF966ACD2D8C6840001BA405 /* AppDelegate.swift in Sources */,
				AF966ACE2D8C6840001BA405 /* SceneDelegate.swift in Sources */,
			);
			runOnlyForDeploymentPostprocessing = 0;
		};
/* End PBXSourcesBuildPhase section */

/* Begin XCBuildConfiguration section */
		338843A32D7D8A28002D07FD /* Debug */ = {
			isa = XCBuildConfiguration;
			baseConfigurationReference = 33DB518E2D7DA1720060EAC4 /* Loader.xcconfig */;
			buildSettings = {
				ASSETCATALOG_COMPILER_APPICON_NAME = AppIcon;
				"ASSETCATALOG_COMPILER_APPICON_NAME[sdk=appletv*]" = "AppIcon - tvOS";
				ASSETCATALOG_COMPILER_GLOBAL_ACCENT_COLOR_NAME = AccentColor;
				CLANG_ENABLE_MODULES = YES;
				CODE_SIGN_ENTITLEMENTS = "Loader/Supporting Files/loader.entitlements";
				CODE_SIGN_IDENTITY = "";
				CODE_SIGN_STYLE = Automatic;
				CURRENT_PROJECT_VERSION = 1;
				DEAD_CODE_STRIPPING = NO;
				DEPLOYMENT_POSTPROCESSING = NO;
				GENERATE_INFOPLIST_FILE = YES;
				INFOPLIST_FILE = Loader/Resources/Info.plist;
				INFOPLIST_KEY_CFBundleDisplayName = palera1n;
				INFOPLIST_KEY_UIApplicationSupportsIndirectInputEvents = YES;
				INFOPLIST_KEY_UILaunchStoryboardName = LaunchScreen;
				INFOPLIST_KEY_UISupportedInterfaceOrientations = "UIInterfaceOrientationLandscapeLeft UIInterfaceOrientationLandscapeRight UIInterfaceOrientationPortrait";
				INFOPLIST_KEY_UISupportedInterfaceOrientations_iPad = "UIInterfaceOrientationLandscapeLeft UIInterfaceOrientationLandscapeRight UIInterfaceOrientationPortrait UIInterfaceOrientationPortraitUpsideDown";
				IPHONEOS_DEPLOYMENT_TARGET = 15.0;
				LD_RUNPATH_SEARCH_PATHS = (
					"$(inherited)",
					"@executable_path/Frameworks",
				);
				LIBRARY_SEARCH_PATHS = (
					"$(inherited)",
					"$(PROJECT_DIR)/Loader/Supporting\\\\\\ Files",
					"$(PROJECT_DIR)/Loader/Supporting\\\\\\ Files",
					"$(PROJECT_DIR)/Loader/Supporting\\\\\\ Files",
					"$(PROJECT_DIR)/Loader/Supporting\\\\\\ Files",
					"$(PROJECT_DIR)/Loader/Supporting\\\\\\ Files",
				);
				MARKETING_VERSION = 3.1;
				PRODUCT_BUNDLE_IDENTIFIER = in.palera.loader;
				PRODUCT_NAME = "$(TARGET_NAME)";
				STRIP_INSTALLED_PRODUCT = NO;
				SUPPORTED_PLATFORMS = "appletvos appletvsimulator iphoneos iphonesimulator";
				SUPPORTS_MACCATALYST = NO;
				SUPPORTS_MAC_DESIGNED_FOR_IPHONE_IPAD = NO;
				SWIFT_EMIT_LOC_STRINGS = YES;
				SWIFT_OBJC_BRIDGING_HEADER = "Loader/Supporting Files/Loader-Bridging-Header.h";
				SWIFT_OPTIMIZATION_LEVEL = "-Onone";
				SWIFT_VERSION = 5.0;
				TARGETED_DEVICE_FAMILY = "1,2,3";
				TVOS_DEPLOYMENT_TARGET = 15.0;
			};
			name = Debug;
		};
		338843A42D7D8A28002D07FD /* Release */ = {
			isa = XCBuildConfiguration;
			baseConfigurationReference = 33DB518E2D7DA1720060EAC4 /* Loader.xcconfig */;
			buildSettings = {
				ASSETCATALOG_COMPILER_APPICON_NAME = AppIcon;
				"ASSETCATALOG_COMPILER_APPICON_NAME[sdk=appletv*]" = "AppIcon - tvOS";
				ASSETCATALOG_COMPILER_GLOBAL_ACCENT_COLOR_NAME = AccentColor;
				CLANG_ENABLE_MODULES = YES;
				CODE_SIGN_ENTITLEMENTS = "Loader/Supporting Files/loader.entitlements";
				CODE_SIGN_IDENTITY = "";
				CODE_SIGN_STYLE = Automatic;
				CURRENT_PROJECT_VERSION = 1;
				DEPLOYMENT_POSTPROCESSING = YES;
				GENERATE_INFOPLIST_FILE = YES;
				INFOPLIST_FILE = Loader/Resources/Info.plist;
				INFOPLIST_KEY_CFBundleDisplayName = palera1n;
				INFOPLIST_KEY_UIApplicationSupportsIndirectInputEvents = YES;
				INFOPLIST_KEY_UILaunchStoryboardName = LaunchScreen;
				INFOPLIST_KEY_UISupportedInterfaceOrientations = "UIInterfaceOrientationLandscapeLeft UIInterfaceOrientationLandscapeRight UIInterfaceOrientationPortrait";
				INFOPLIST_KEY_UISupportedInterfaceOrientations_iPad = "UIInterfaceOrientationLandscapeLeft UIInterfaceOrientationLandscapeRight UIInterfaceOrientationPortrait UIInterfaceOrientationPortraitUpsideDown";
				IPHONEOS_DEPLOYMENT_TARGET = 15.0;
				LD_RUNPATH_SEARCH_PATHS = (
					"$(inherited)",
					"@executable_path/Frameworks",
				);
				LIBRARY_SEARCH_PATHS = (
					"$(inherited)",
					"$(PROJECT_DIR)/Loader/Supporting\\\\\\ Files",
					"$(PROJECT_DIR)/Loader/Supporting\\\\\\ Files",
					"$(PROJECT_DIR)/Loader/Supporting\\\\\\ Files",
					"$(PROJECT_DIR)/Loader/Supporting\\\\\\ Files",
					"$(PROJECT_DIR)/Loader/Supporting\\\\\\ Files",
				);
				MARKETING_VERSION = 3.1;
				PRODUCT_BUNDLE_IDENTIFIER = in.palera.loader;
				PRODUCT_NAME = "$(TARGET_NAME)";
				STRIPFLAGS = "-rSTx";
				SUPPORTED_PLATFORMS = "appletvos appletvsimulator iphoneos iphonesimulator";
				SUPPORTS_MACCATALYST = NO;
				SUPPORTS_MAC_DESIGNED_FOR_IPHONE_IPAD = NO;
				SWIFT_EMIT_LOC_STRINGS = YES;
				SWIFT_OBJC_BRIDGING_HEADER = "Loader/Supporting Files/Loader-Bridging-Header.h";
				SWIFT_VERSION = 5.0;
				TARGETED_DEVICE_FAMILY = "1,2,3";
				TVOS_DEPLOYMENT_TARGET = 15.0;
			};
			name = Release;
		};
		338843A52D7D8A28002D07FD /* Debug */ = {
			isa = XCBuildConfiguration;
			baseConfigurationReference = 33DB518E2D7DA1720060EAC4 /* Loader.xcconfig */;
			buildSettings = {
				ALWAYS_SEARCH_USER_PATHS = NO;
				ASSETCATALOG_COMPILER_GENERATE_SWIFT_ASSET_SYMBOL_EXTENSIONS = YES;
				CLANG_ANALYZER_NONNULL = YES;
				CLANG_ANALYZER_NUMBER_OBJECT_CONVERSION = YES_AGGRESSIVE;
				CLANG_CXX_LANGUAGE_STANDARD = "gnu++20";
				CLANG_ENABLE_MODULES = YES;
				CLANG_ENABLE_OBJC_ARC = YES;
				CLANG_ENABLE_OBJC_WEAK = YES;
				CLANG_WARN_BLOCK_CAPTURE_AUTORELEASING = YES;
				CLANG_WARN_BOOL_CONVERSION = YES;
				CLANG_WARN_COMMA = YES;
				CLANG_WARN_CONSTANT_CONVERSION = YES;
				CLANG_WARN_DEPRECATED_OBJC_IMPLEMENTATIONS = YES;
				CLANG_WARN_DIRECT_OBJC_ISA_USAGE = YES_ERROR;
				CLANG_WARN_DOCUMENTATION_COMMENTS = YES;
				CLANG_WARN_EMPTY_BODY = YES;
				CLANG_WARN_ENUM_CONVERSION = YES;
				CLANG_WARN_INFINITE_RECURSION = YES;
				CLANG_WARN_INT_CONVERSION = YES;
				CLANG_WARN_NON_LITERAL_NULL_CONVERSION = YES;
				CLANG_WARN_OBJC_IMPLICIT_RETAIN_SELF = YES;
				CLANG_WARN_OBJC_LITERAL_CONVERSION = YES;
				CLANG_WARN_OBJC_ROOT_CLASS = YES_ERROR;
				CLANG_WARN_QUOTED_INCLUDE_IN_FRAMEWORK_HEADER = YES;
				CLANG_WARN_RANGE_LOOP_ANALYSIS = YES;
				CLANG_WARN_STRICT_PROTOTYPES = YES;
				CLANG_WARN_SUSPICIOUS_MOVE = YES;
				CLANG_WARN_UNGUARDED_AVAILABILITY = YES_AGGRESSIVE;
				CLANG_WARN_UNREACHABLE_CODE = YES;
				CLANG_WARN__DUPLICATE_METHOD_MATCH = YES;
				COPY_PHASE_STRIP = NO;
				DEBUG_INFORMATION_FORMAT = dwarf;
				ENABLE_STRICT_OBJC_MSGSEND = YES;
				ENABLE_TESTABILITY = YES;
				ENABLE_USER_SCRIPT_SANDBOXING = YES;
				GCC_C_LANGUAGE_STANDARD = gnu17;
				GCC_DYNAMIC_NO_PIC = NO;
				GCC_NO_COMMON_BLOCKS = YES;
				GCC_OPTIMIZATION_LEVEL = 0;
				GCC_PREPROCESSOR_DEFINITIONS = (
					"DEBUG=1",
					"$(inherited)",
				);
				GCC_WARN_64_TO_32_BIT_CONVERSION = YES;
				GCC_WARN_ABOUT_RETURN_TYPE = YES_ERROR;
				GCC_WARN_UNDECLARED_SELECTOR = YES;
				GCC_WARN_UNINITIALIZED_AUTOS = YES_AGGRESSIVE;
				GCC_WARN_UNUSED_FUNCTION = YES;
				GCC_WARN_UNUSED_VARIABLE = YES;
				IPHONEOS_DEPLOYMENT_TARGET = 18.2;
				LOCALIZATION_PREFERS_STRING_CATALOGS = YES;
				MTL_ENABLE_DEBUG_INFO = INCLUDE_SOURCE;
				MTL_FAST_MATH = YES;
				ONLY_ACTIVE_ARCH = YES;
				SDKROOT = iphoneos;
				SWIFT_ACTIVE_COMPILATION_CONDITIONS = "DEBUG $(inherited)";
				SWIFT_OPTIMIZATION_LEVEL = "-Onone";
			};
			name = Debug;
		};
		338843A62D7D8A28002D07FD /* Release */ = {
			isa = XCBuildConfiguration;
			baseConfigurationReference = 33DB518E2D7DA1720060EAC4 /* Loader.xcconfig */;
			buildSettings = {
				ALWAYS_SEARCH_USER_PATHS = NO;
				ASSETCATALOG_COMPILER_GENERATE_SWIFT_ASSET_SYMBOL_EXTENSIONS = YES;
				CLANG_ANALYZER_NONNULL = YES;
				CLANG_ANALYZER_NUMBER_OBJECT_CONVERSION = YES_AGGRESSIVE;
				CLANG_CXX_LANGUAGE_STANDARD = "gnu++20";
				CLANG_ENABLE_MODULES = YES;
				CLANG_ENABLE_OBJC_ARC = YES;
				CLANG_ENABLE_OBJC_WEAK = YES;
				CLANG_WARN_BLOCK_CAPTURE_AUTORELEASING = YES;
				CLANG_WARN_BOOL_CONVERSION = YES;
				CLANG_WARN_COMMA = YES;
				CLANG_WARN_CONSTANT_CONVERSION = YES;
				CLANG_WARN_DEPRECATED_OBJC_IMPLEMENTATIONS = YES;
				CLANG_WARN_DIRECT_OBJC_ISA_USAGE = YES_ERROR;
				CLANG_WARN_DOCUMENTATION_COMMENTS = YES;
				CLANG_WARN_EMPTY_BODY = YES;
				CLANG_WARN_ENUM_CONVERSION = YES;
				CLANG_WARN_INFINITE_RECURSION = YES;
				CLANG_WARN_INT_CONVERSION = YES;
				CLANG_WARN_NON_LITERAL_NULL_CONVERSION = YES;
				CLANG_WARN_OBJC_IMPLICIT_RETAIN_SELF = YES;
				CLANG_WARN_OBJC_LITERAL_CONVERSION = YES;
				CLANG_WARN_OBJC_ROOT_CLASS = YES_ERROR;
				CLANG_WARN_QUOTED_INCLUDE_IN_FRAMEWORK_HEADER = YES;
				CLANG_WARN_RANGE_LOOP_ANALYSIS = YES;
				CLANG_WARN_STRICT_PROTOTYPES = YES;
				CLANG_WARN_SUSPICIOUS_MOVE = YES;
				CLANG_WARN_UNGUARDED_AVAILABILITY = YES_AGGRESSIVE;
				CLANG_WARN_UNREACHABLE_CODE = YES;
				CLANG_WARN__DUPLICATE_METHOD_MATCH = YES;
				COPY_PHASE_STRIP = NO;
				DEBUG_INFORMATION_FORMAT = "dwarf-with-dsym";
				ENABLE_NS_ASSERTIONS = NO;
				ENABLE_STRICT_OBJC_MSGSEND = YES;
				ENABLE_USER_SCRIPT_SANDBOXING = YES;
				GCC_C_LANGUAGE_STANDARD = gnu17;
				GCC_NO_COMMON_BLOCKS = YES;
				GCC_WARN_64_TO_32_BIT_CONVERSION = YES;
				GCC_WARN_ABOUT_RETURN_TYPE = YES_ERROR;
				GCC_WARN_UNDECLARED_SELECTOR = YES;
				GCC_WARN_UNINITIALIZED_AUTOS = YES_AGGRESSIVE;
				GCC_WARN_UNUSED_FUNCTION = YES;
				GCC_WARN_UNUSED_VARIABLE = YES;
				IPHONEOS_DEPLOYMENT_TARGET = 18.2;
				LOCALIZATION_PREFERS_STRING_CATALOGS = YES;
				MTL_ENABLE_DEBUG_INFO = NO;
				MTL_FAST_MATH = YES;
				SDKROOT = iphoneos;
				SWIFT_COMPILATION_MODE = wholemodule;
				VALIDATE_PRODUCT = YES;
			};
			name = Release;
		};
/* End XCBuildConfiguration section */

/* Begin XCConfigurationList section */
		3388438A2D7D8A26002D07FD /* Build configuration list for PBXProject "Loader" */ = {
			isa = XCConfigurationList;
			buildConfigurations = (
				338843A52D7D8A28002D07FD /* Debug */,
				338843A62D7D8A28002D07FD /* Release */,
			);
			defaultConfigurationIsVisible = 0;
			defaultConfigurationName = Release;
		};
		338843A22D7D8A28002D07FD /* Build configuration list for PBXNativeTarget "Loader" */ = {
			isa = XCConfigurationList;
			buildConfigurations = (
				338843A32D7D8A28002D07FD /* Debug */,
				338843A42D7D8A28002D07FD /* Release */,
			);
			defaultConfigurationIsVisible = 0;
			defaultConfigurationName = Release;
		};
/* End XCConfigurationList section */

/* Begin XCLocalSwiftPackageReference section */
		336FA5962D8C381400E28B8F /* XCLocalSwiftPackageReference "NimbleKit" */ = {
			isa = XCLocalSwiftPackageReference;
			relativePath = NimbleKit;
		};
/* End XCLocalSwiftPackageReference section */

/* Begin XCSwiftPackageProductDependency section */
		336FA5972D8C381500E28B8F /* NimbleAnimations */ = {
			isa = XCSwiftPackageProductDependency;
			productName = NimbleAnimations;
		};
		336FA5992D8C381500E28B8F /* NimbleExtensions */ = {
			isa = XCSwiftPackageProductDependency;
			productName = NimbleExtensions;
		};
		336FA59B2D8C381500E28B8F /* NimbleJSON */ = {
			isa = XCSwiftPackageProductDependency;
			productName = NimbleJSON;
		};
		339714642D94E1EB0060E08F /* NimbleViewControllers */ = {
			isa = XCSwiftPackageProductDependency;
			productName = NimbleViewControllers;
		};
/* End XCSwiftPackageProductDependency section */
	};
	rootObject = 338843872D7D8A26002D07FD /* Project object */;
}
