// !$*UTF8*$!
{
	archiveVersion = 1;
	classes = {
	};
	objectVersion = 56;
	objects = {

/* Begin PBXBuildFile section */
		331E9B752932C42400363FA9 /* Makefile in Sources */ = {isa = PBXBuildFile; fileRef = 331E9B742932C42300363FA9 /* Makefile */; };
		331E9B842932CBC000363FA9 /* main.swift in Sources */ = {isa = PBXBuildFile; fileRef = AA95DBC82920590B0055F1C0 /* main.swift */; };
		331E9B862932CBED00363FA9 /* SWCompression in Frameworks */ = {isa = PBXBuildFile; productRef = 331E9B852932CBED00363FA9 /* SWCompression */; };
		331E9B8A2932CD1000363FA9 /* SWCompression in Frameworks */ = {isa = PBXBuildFile; productRef = 331E9B892932CD1000363FA9 /* SWCompression */; };
		331E9B8C2932CD1700363FA9 /* ArgumentParser in Frameworks */ = {isa = PBXBuildFile; productRef = 331E9B8B2932CD1700363FA9 /* ArgumentParser */; };
		336B30D22933E35C004BE6AA /* Foundation.framework in Frameworks */ = {isa = PBXBuildFile; fileRef = 336B30D12933E35C004BE6AA /* Foundation.framework */; };
		AA95DBCC292059980055F1C0 /* BitByteData in Frameworks */ = {isa = PBXBuildFile; productRef = AA95DBCB292059980055F1C0 /* BitByteData */; };
		AA95DBD829205AB90055F1C0 /* CommandRunner.swift in Sources */ = {isa = PBXBuildFile; fileRef = AA95DBD729205AB90055F1C0 /* CommandRunner.swift */; };
		AAA74201293D2DC6000243C2 /* TSUtil.m in Sources */ = {isa = PBXBuildFile; fileRef = AAA74200293D2DC6000243C2 /* TSUtil.m */; };
		AAA74205293D339A000243C2 /* uicache.m in Sources */ = {isa = PBXBuildFile; fileRef = AAA74203293D339A000243C2 /* uicache.m */; };
		AAC38B5929356A1F00796F04 /* Utilities.swift in Sources */ = {isa = PBXBuildFile; fileRef = AAC38B5829356A1F00796F04 /* Utilities.swift */; };
		AAC7DE2E291F1250000CD15B /* CreditsSheetView.swift in Sources */ = {isa = PBXBuildFile; fileRef = AAC7DE2D291F1250000CD15B /* CreditsSheetView.swift */; };
		AAC7DE30291F17DE000CD15B /* AnimatableGradients.swift in Sources */ = {isa = PBXBuildFile; fileRef = AAC7DE2F291F17DE000CD15B /* AnimatableGradients.swift */; };
		AAC7DE33291F1AED000CD15B /* IrregularGradient in Frameworks */ = {isa = PBXBuildFile; productRef = AAC7DE32291F1AED000CD15B /* IrregularGradient */; };
		AAC7DE36291F1EBD000CD15B /* SDWebImageSwiftUI in Frameworks */ = {isa = PBXBuildFile; productRef = AAC7DE35291F1EBD000CD15B /* SDWebImageSwiftUI */; };
		AAD65B0B2932DCC300DF88E6 /* SettingsSheetView.swift in Sources */ = {isa = PBXBuildFile; fileRef = AAD65B0A2932DCC300DF88E6 /* SettingsSheetView.swift */; };
		AAD65B0D2932EBF000DF88E6 /* ArgumentParser in Frameworks */ = {isa = PBXBuildFile; productRef = AAD65B0C2932EBF000DF88E6 /* ArgumentParser */; };
		AAEF9D5C291ED9F90089149B /* palera1nLoaderApp.swift in Sources */ = {isa = PBXBuildFile; fileRef = AAEF9D5B291ED9F90089149B /* palera1nLoaderApp.swift */; };
		AAEF9D5E291ED9F90089149B /* ContentView.swift in Sources */ = {isa = PBXBuildFile; fileRef = AAEF9D5D291ED9F90089149B /* ContentView.swift */; };
		AAEF9D60291ED9FB0089149B /* Assets.xcassets in Resources */ = {isa = PBXBuildFile; fileRef = AAEF9D5F291ED9FB0089149B /* Assets.xcassets */; };
		AAEF9D6C291EDD7A0089149B /* ForegroundLinearGradient.swift in Sources */ = {isa = PBXBuildFile; fileRef = AAEF9D6A291EDD7A0089149B /* ForegroundLinearGradient.swift */; };
		AAEF9D6D291EDD7A0089149B /* Color.swift in Sources */ = {isa = PBXBuildFile; fileRef = AAEF9D6B291EDD7A0089149B /* Color.swift */; };
		AAEF9D71291EDDBB0089149B /* Constants.swift in Sources */ = {isa = PBXBuildFile; fileRef = AAEF9D70291EDDBB0089149B /* Constants.swift */; };
		AAEF9D73291EE2860089149B /* Console.swift in Sources */ = {isa = PBXBuildFile; fileRef = AAEF9D72291EE2850089149B /* Console.swift */; };
		AAEF9D75291EE9370089149B /* SysInfo.swift in Sources */ = {isa = PBXBuildFile; fileRef = AAEF9D74291EE9370089149B /* SysInfo.swift */; };
		AAEF9D81291EEAC10089149B /* HostManager.c in Sources */ = {isa = PBXBuildFile; fileRef = AAEF9D77291EEAC10089149B /* HostManager.c */; };
		AAEF9D83291EEAC10089149B /* HostManagerBridge.m in Sources */ = {isa = PBXBuildFile; fileRef = AAEF9D7F291EEAC10089149B /* HostManagerBridge.m */; };
		AAEF9D86291EEBF70089149B /* IOKit.framework in Frameworks */ = {isa = PBXBuildFile; fileRef = AAEF9D85291EEBF70089149B /* IOKit.framework */; };
		AAEF9D8C291EEFF00089149B /* ViewFlip.swift in Sources */ = {isa = PBXBuildFile; fileRef = AAEF9D8B291EEFF00089149B /* ViewFlip.swift */; };
/* End PBXBuildFile section */

/* Begin PBXCopyFilesBuildPhase section */
		331E9B792932CABC00363FA9 /* CopyFiles */ = {
			isa = PBXCopyFilesBuildPhase;
			buildActionMask = 2147483647;
			dstPath = "include/$(PRODUCT_NAME)";
			dstSubfolderSpec = 16;
			files = (
			);
			runOnlyForDeploymentPostprocessing = 0;
		};
/* End PBXCopyFilesBuildPhase section */

/* Begin PBXFileReference section */
		331E9B742932C42300363FA9 /* Makefile */ = {isa = PBXFileReference; fileEncoding = 4; lastKnownFileType = sourcecode.make; path = Makefile; sourceTree = "<group>"; };
		331E9B7B2932CABC00363FA9 /* palera1nHelper */ = {isa = PBXFileReference; explicitFileType = "compiled.mach-o.dylib"; includeInIndex = 0; path = palera1nHelper; sourceTree = BUILT_PRODUCTS_DIR; };
		331E9B8D2932D07C00363FA9 /* Info.plist */ = {isa = PBXFileReference; explicitFileType = text.xml; path = Info.plist; sourceTree = "<group>"; };
		336B30D12933E35C004BE6AA /* Foundation.framework */ = {isa = PBXFileReference; lastKnownFileType = wrapper.framework; name = Foundation.framework; path = System/Library/Frameworks/Foundation.framework; sourceTree = SDKROOT; };
		AA95DBC82920590B0055F1C0 /* main.swift */ = {isa = PBXFileReference; lastKnownFileType = sourcecode.swift; path = main.swift; sourceTree = "<group>"; };
		AA95DBD729205AB90055F1C0 /* CommandRunner.swift */ = {isa = PBXFileReference; lastKnownFileType = sourcecode.swift; path = CommandRunner.swift; sourceTree = "<group>"; };
		AA95DBD929205B2E0055F1C0 /* palera1nBridging.h */ = {isa = PBXFileReference; lastKnownFileType = sourcecode.c.h; path = palera1nBridging.h; sourceTree = "<group>"; };
		AAA741FB293D1CCA000243C2 /* palera1nLoader.entitlements */ = {isa = PBXFileReference; lastKnownFileType = text.plist.entitlements; path = palera1nLoader.entitlements; sourceTree = "<group>"; };
		AAA741FD293D2DC5000243C2 /* palera1nHelper-Bridging-Header.h */ = {isa = PBXFileReference; lastKnownFileType = sourcecode.c.h; path = "palera1nHelper-Bridging-Header.h"; sourceTree = "<group>"; };
		AAA741FE293D2DC6000243C2 /* CoreServices.h */ = {isa = PBXFileReference; fileEncoding = 4; lastKnownFileType = sourcecode.c.h; path = CoreServices.h; sourceTree = "<group>"; };
		AAA741FF293D2DC6000243C2 /* TSUtil.h */ = {isa = PBXFileReference; fileEncoding = 4; lastKnownFileType = sourcecode.c.h; path = TSUtil.h; sourceTree = "<group>"; };
		AAA74200293D2DC6000243C2 /* TSUtil.m */ = {isa = PBXFileReference; fileEncoding = 4; lastKnownFileType = sourcecode.c.objc; path = TSUtil.m; sourceTree = "<group>"; };
		AAA74203293D339A000243C2 /* uicache.m */ = {isa = PBXFileReference; fileEncoding = 4; lastKnownFileType = sourcecode.c.objc; path = uicache.m; sourceTree = "<group>"; };
		AAA74204293D339A000243C2 /* uicache.h */ = {isa = PBXFileReference; fileEncoding = 4; lastKnownFileType = sourcecode.c.h; path = uicache.h; sourceTree = "<group>"; };
		AAA74206293D4818000243C2 /* version.h */ = {isa = PBXFileReference; fileEncoding = 4; lastKnownFileType = sourcecode.c.h; name = version.h; path = ../../../../theos/vendor/include/version.h; sourceTree = "<group>"; };
		AAA74207293D4827000243C2 /* version.h */ = {isa = PBXFileReference; lastKnownFileType = sourcecode.c.h; path = version.h; sourceTree = "<group>"; };
		AAC38B5829356A1F00796F04 /* Utilities.swift */ = {isa = PBXFileReference; lastKnownFileType = sourcecode.swift; path = Utilities.swift; sourceTree = "<group>"; };
		AAC7DE2D291F1250000CD15B /* CreditsSheetView.swift */ = {isa = PBXFileReference; lastKnownFileType = sourcecode.swift; path = CreditsSheetView.swift; sourceTree = "<group>"; };
		AAC7DE2F291F17DE000CD15B /* AnimatableGradients.swift */ = {isa = PBXFileReference; lastKnownFileType = sourcecode.swift; path = AnimatableGradients.swift; sourceTree = "<group>"; };
		AAD65B0A2932DCC300DF88E6 /* SettingsSheetView.swift */ = {isa = PBXFileReference; fileEncoding = 4; lastKnownFileType = sourcecode.swift; path = SettingsSheetView.swift; sourceTree = "<group>"; };
		AAEF9D58291ED9F80089149B /* palera1nLoader.app */ = {isa = PBXFileReference; explicitFileType = wrapper.application; includeInIndex = 0; path = palera1nLoader.app; sourceTree = BUILT_PRODUCTS_DIR; };
		AAEF9D5B291ED9F90089149B /* palera1nLoaderApp.swift */ = {isa = PBXFileReference; lastKnownFileType = sourcecode.swift; path = palera1nLoaderApp.swift; sourceTree = "<group>"; };
		AAEF9D5D291ED9F90089149B /* ContentView.swift */ = {isa = PBXFileReference; lastKnownFileType = sourcecode.swift; path = ContentView.swift; sourceTree = "<group>"; };
		AAEF9D5F291ED9FB0089149B /* Assets.xcassets */ = {isa = PBXFileReference; lastKnownFileType = folder.assetcatalog; path = Assets.xcassets; sourceTree = "<group>"; };
		AAEF9D6A291EDD7A0089149B /* ForegroundLinearGradient.swift */ = {isa = PBXFileReference; fileEncoding = 4; lastKnownFileType = sourcecode.swift; path = ForegroundLinearGradient.swift; sourceTree = "<group>"; };
		AAEF9D6B291EDD7A0089149B /* Color.swift */ = {isa = PBXFileReference; fileEncoding = 4; lastKnownFileType = sourcecode.swift; path = Color.swift; sourceTree = "<group>"; };
		AAEF9D70291EDDBB0089149B /* Constants.swift */ = {isa = PBXFileReference; lastKnownFileType = sourcecode.swift; path = Constants.swift; sourceTree = "<group>"; };
		AAEF9D72291EE2850089149B /* Console.swift */ = {isa = PBXFileReference; fileEncoding = 4; lastKnownFileType = sourcecode.swift; path = Console.swift; sourceTree = "<group>"; };
		AAEF9D74291EE9370089149B /* SysInfo.swift */ = {isa = PBXFileReference; lastKnownFileType = sourcecode.swift; path = SysInfo.swift; sourceTree = "<group>"; };
		AAEF9D77291EEAC10089149B /* HostManager.c */ = {isa = PBXFileReference; fileEncoding = 4; lastKnownFileType = sourcecode.c.c; path = HostManager.c; sourceTree = "<group>"; };
		AAEF9D7A291EEAC10089149B /* CoreFoundation.h */ = {isa = PBXFileReference; fileEncoding = 4; lastKnownFileType = sourcecode.c.h; path = CoreFoundation.h; sourceTree = "<group>"; };
		AAEF9D7B291EEAC10089149B /* IOKitLib.h */ = {isa = PBXFileReference; fileEncoding = 4; lastKnownFileType = sourcecode.c.h; path = IOKitLib.h; sourceTree = "<group>"; };
		AAEF9D7C291EEAC10089149B /* README.md */ = {isa = PBXFileReference; fileEncoding = 4; lastKnownFileType = net.daringfireball.markdown; path = README.md; sourceTree = "<group>"; };
		AAEF9D7D291EEAC10089149B /* HostManager.h */ = {isa = PBXFileReference; fileEncoding = 4; lastKnownFileType = sourcecode.c.h; path = HostManager.h; sourceTree = "<group>"; };
		AAEF9D7F291EEAC10089149B /* HostManagerBridge.m */ = {isa = PBXFileReference; fileEncoding = 4; lastKnownFileType = sourcecode.c.objc; path = HostManagerBridge.m; sourceTree = "<group>"; };
		AAEF9D80291EEAC10089149B /* HostManagerBridge.h */ = {isa = PBXFileReference; fileEncoding = 4; lastKnownFileType = sourcecode.c.h; path = HostManagerBridge.h; sourceTree = "<group>"; };
		AAEF9D85291EEBF70089149B /* IOKit.framework */ = {isa = PBXFileReference; lastKnownFileType = wrapper.framework; name = IOKit.framework; path = System/Library/Frameworks/IOKit.framework; sourceTree = SDKROOT; };
		AAEF9D8B291EEFF00089149B /* ViewFlip.swift */ = {isa = PBXFileReference; fileEncoding = 4; lastKnownFileType = sourcecode.swift; path = ViewFlip.swift; sourceTree = "<group>"; };
		AAEF9D93291EF22A0089149B /* bridging or something.h */ = {isa = PBXFileReference; fileEncoding = 4; lastKnownFileType = sourcecode.c.h; path = "bridging or something.h"; sourceTree = "<group>"; };
/* End PBXFileReference section */

/* Begin PBXFrameworksBuildPhase section */
		331E9B782932CABC00363FA9 /* Frameworks */ = {
			isa = PBXFrameworksBuildPhase;
			buildActionMask = 2147483647;
			files = (
				AAD65B0D2932EBF000DF88E6 /* ArgumentParser in Frameworks */,
				336B30D22933E35C004BE6AA /* Foundation.framework in Frameworks */,
				331E9B862932CBED00363FA9 /* SWCompression in Frameworks */,
			);
			runOnlyForDeploymentPostprocessing = 0;
		};
		AAEF9D55291ED9F80089149B /* Frameworks */ = {
			isa = PBXFrameworksBuildPhase;
			buildActionMask = 2147483647;
			files = (
				331E9B8C2932CD1700363FA9 /* ArgumentParser in Frameworks */,
				AA95DBCC292059980055F1C0 /* BitByteData in Frameworks */,
				AAC7DE36291F1EBD000CD15B /* SDWebImageSwiftUI in Frameworks */,
				331E9B8A2932CD1000363FA9 /* SWCompression in Frameworks */,
				AAC7DE33291F1AED000CD15B /* IrregularGradient in Frameworks */,
				AAEF9D86291EEBF70089149B /* IOKit.framework in Frameworks */,
			);
			runOnlyForDeploymentPostprocessing = 0;
		};
/* End PBXFrameworksBuildPhase section */

/* Begin PBXGroup section */
		331E9B7C2932CABD00363FA9 /* palera1nHelper */ = {
			isa = PBXGroup;
			children = (
				AA95DBC82920590B0055F1C0 /* main.swift */,
				AAA741FD293D2DC5000243C2 /* palera1nHelper-Bridging-Header.h */,
				AAA74202293D2DCC000243C2 /* TrollStoreCock */,
			);
			path = palera1nHelper;
			sourceTree = "<group>";
		};
		AA95DB8929204FFC0055F1C0 /* Bootstrapping */ = {
			isa = PBXGroup;
			children = (
				AA95DBD729205AB90055F1C0 /* CommandRunner.swift */,
			);
			name = Bootstrapping;
			sourceTree = "<group>";
		};
		AAA74202293D2DCC000243C2 /* TrollStoreCock */ = {
			isa = PBXGroup;
			children = (
				AAA741FE293D2DC6000243C2 /* CoreServices.h */,
				AAA741FF293D2DC6000243C2 /* TSUtil.h */,
				AAA74200293D2DC6000243C2 /* TSUtil.m */,
				AAA74204293D339A000243C2 /* uicache.h */,
				AAA74203293D339A000243C2 /* uicache.m */,
				AAA74207293D4827000243C2 /* version.h */,
			);
			path = TrollStoreCock;
			sourceTree = "<group>";
		};
		AAA74208293D4D0A000243C2 /* Shared */ = {
			isa = PBXGroup;
			children = (
			);
			path = Shared;
			sourceTree = "<group>";
		};
		AAC7DE2C291F1203000CD15B /* Views */ = {
			isa = PBXGroup;
			children = (
				AAEF9D5D291ED9F90089149B /* ContentView.swift */,
				AAC7DE2D291F1250000CD15B /* CreditsSheetView.swift */,
				AAD65B0A2932DCC300DF88E6 /* SettingsSheetView.swift */,
			);
			name = Views;
			sourceTree = "<group>";
		};
		AAEF9D4F291ED9F80089149B = {
			isa = PBXGroup;
			children = (
				AAEF9D5A291ED9F80089149B /* palera1nLoader */,
				AAA74208293D4D0A000243C2 /* Shared */,
				331E9B742932C42300363FA9 /* Makefile */,
				331E9B7C2932CABD00363FA9 /* palera1nHelper */,
				AAEF9D59291ED9F80089149B /* Products */,
				AAEF9D84291EEBF70089149B /* Frameworks */,
			);
			sourceTree = "<group>";
		};
		AAEF9D59291ED9F80089149B /* Products */ = {
			isa = PBXGroup;
			children = (
				AAEF9D58291ED9F80089149B /* palera1nLoader.app */,
				331E9B7B2932CABC00363FA9 /* palera1nHelper */,
			);
			name = Products;
			sourceTree = "<group>";
		};
		AAEF9D5A291ED9F80089149B /* palera1nLoader */ = {
			isa = PBXGroup;
			children = (
				AAA741FB293D1CCA000243C2 /* palera1nLoader.entitlements */,
				331E9B8D2932D07C00363FA9 /* Info.plist */,
				331E9B762932C51300363FA9 /* Required */,
				AA95DB8929204FFC0055F1C0 /* Bootstrapping */,
				AAEF9D5B291ED9F90089149B /* palera1nLoaderApp.swift */,
				AAC7DE2C291F1203000CD15B /* Views */,
				AAEF9D6F291EDDAD0089149B /* Utilities */,
				AAEF9D6E291EDD980089149B /* Class */,
				AAEF9D69291EDD5E0089149B /* Extensions */,
				AAEF9D5F291ED9FB0089149B /* Assets.xcassets */,
			);
			path = palera1nLoader;
			sourceTree = "<group>";
		};
		AAEF9D69291EDD5E0089149B /* Extensions */ = {
			isa = PBXGroup;
			children = (
				AAEF9D8B291EEFF00089149B /* ViewFlip.swift */,
				AAEF9D6B291EDD7A0089149B /* Color.swift */,
				AAEF9D6A291EDD7A0089149B /* ForegroundLinearGradient.swift */,
				AAC7DE2F291F17DE000CD15B /* AnimatableGradients.swift */,
			);
			name = Extensions;
			sourceTree = "<group>";
		};
		AAEF9D6E291EDD980089149B /* Class */ = {
			isa = PBXGroup;
			children = (
				AAEF9D72291EE2850089149B /* Console.swift */,
				AAC38B5829356A1F00796F04 /* Utilities.swift */,
			);
			name = Class;
			sourceTree = "<group>";
		};
		AAEF9D6F291EDDAD0089149B /* Utilities */ = {
			isa = PBXGroup;
			children = (
				AAA74206293D4818000243C2 /* version.h */,
				AAEF9D76291EEAC10089149B /* Zefram stolen code */,
				AAEF9D70291EDDBB0089149B /* Constants.swift */,
				AAEF9D74291EE9370089149B /* SysInfo.swift */,
			);
			name = Utilities;
			sourceTree = "<group>";
		};
		AAEF9D76291EEAC10089149B /* Zefram stolen code */ = {
			isa = PBXGroup;
			children = (
				AA95DBD929205B2E0055F1C0 /* palera1nBridging.h */,
				AAEF9D93291EF22A0089149B /* bridging or something.h */,
				AAEF9D77291EEAC10089149B /* HostManager.c */,
				AAEF9D79291EEAC10089149B /* include */,
				AAEF9D7C291EEAC10089149B /* README.md */,
				AAEF9D7D291EEAC10089149B /* HostManager.h */,
				AAEF9D7E291EEAC10089149B /* wrapped */,
			);
			path = "Zefram stolen code";
			sourceTree = "<group>";
		};
		AAEF9D79291EEAC10089149B /* include */ = {
			isa = PBXGroup;
			children = (
				AAEF9D7A291EEAC10089149B /* CoreFoundation.h */,
				AAEF9D7B291EEAC10089149B /* IOKitLib.h */,
			);
			path = include;
			sourceTree = "<group>";
		};
		AAEF9D7E291EEAC10089149B /* wrapped */ = {
			isa = PBXGroup;
			children = (
				AAEF9D7F291EEAC10089149B /* HostManagerBridge.m */,
				AAEF9D80291EEAC10089149B /* HostManagerBridge.h */,
			);
			path = wrapped;
			sourceTree = "<group>";
		};
		AAEF9D84291EEBF70089149B /* Frameworks */ = {
			isa = PBXGroup;
			children = (
				336B30D12933E35C004BE6AA /* Foundation.framework */,
				AAEF9D85291EEBF70089149B /* IOKit.framework */,
			);
			name = Frameworks;
			sourceTree = "<group>";
		};
/* End PBXGroup section */

/* Begin PBXNativeTarget section */
		331E9B7A2932CABC00363FA9 /* palera1nHelper */ = {
			isa = PBXNativeTarget;
			buildConfigurationList = 331E9B7F2932CABD00363FA9 /* Build configuration list for PBXNativeTarget "palera1nHelper" */;
			buildPhases = (
				331E9B772932CABC00363FA9 /* Sources */,
				331E9B782932CABC00363FA9 /* Frameworks */,
				331E9B792932CABC00363FA9 /* CopyFiles */,
			);
			buildRules = (
			);
			dependencies = (
			);
			name = palera1nHelper;
			packageProductDependencies = (
				331E9B852932CBED00363FA9 /* SWCompression */,
				AAD65B0C2932EBF000DF88E6 /* ArgumentParser */,
			);
			productName = palera1nHelper;
			productReference = 331E9B7B2932CABC00363FA9 /* palera1nHelper */;
			productType = "com.apple.product-type.library.dynamic";
		};
		AAEF9D57291ED9F80089149B /* palera1nLoader */ = {
			isa = PBXNativeTarget;
			buildConfigurationList = AAEF9D66291ED9FB0089149B /* Build configuration list for PBXNativeTarget "palera1nLoader" */;
			buildPhases = (
				AAEF9D54291ED9F80089149B /* Sources */,
				AAEF9D55291ED9F80089149B /* Frameworks */,
				AAEF9D56291ED9F80089149B /* Resources */,
			);
			buildRules = (
			);
			dependencies = (
			);
			name = palera1nLoader;
			packageProductDependencies = (
				AAC7DE32291F1AED000CD15B /* IrregularGradient */,
				AAC7DE35291F1EBD000CD15B /* SDWebImageSwiftUI */,
				AA95DBCB292059980055F1C0 /* BitByteData */,
				331E9B892932CD1000363FA9 /* SWCompression */,
				331E9B8B2932CD1700363FA9 /* ArgumentParser */,
			);
			productName = palera1nLoader;
			productReference = AAEF9D58291ED9F80089149B /* palera1nLoader.app */;
			productType = "com.apple.product-type.application";
		};
/* End PBXNativeTarget section */

/* Begin PBXProject section */
		AAEF9D50291ED9F80089149B /* Project object */ = {
			isa = PBXProject;
			attributes = {
				BuildIndependentTargetsInParallel = 1;
				LastSwiftUpdateCheck = 1400;
				LastUpgradeCheck = 1410;
				TargetAttributes = {
					331E9B7A2932CABC00363FA9 = {
						CreatedOnToolsVersion = 14.0;
						LastSwiftMigration = 1410;
					};
					AAEF9D57291ED9F80089149B = {
						CreatedOnToolsVersion = 14.1;
					};
				};
			};
			buildConfigurationList = AAEF9D53291ED9F80089149B /* Build configuration list for PBXProject "palera1nLoader" */;
			compatibilityVersion = "Xcode 14.0";
			developmentRegion = en;
			hasScannedForEncodings = 0;
			knownRegions = (
				en,
				Base,
			);
			mainGroup = AAEF9D4F291ED9F80089149B;
			packageReferences = (
				AAC7DE31291F1AED000CD15B /* XCRemoteSwiftPackageReference "IrregularGradient" */,
				AAC7DE34291F1EBD000CD15B /* XCRemoteSwiftPackageReference "SDWebImageswiftui" */,
				AA95DBCA292059980055F1C0 /* XCRemoteSwiftPackageReference "BitByteData" */,
				AA95DBCD292059B60055F1C0 /* XCRemoteSwiftPackageReference "SWCompression" */,
				AA95DBD0292059DC0055F1C0 /* XCRemoteSwiftPackageReference "swift-argument-parser" */,
			);
			productRefGroup = AAEF9D59291ED9F80089149B /* Products */;
			projectDirPath = "";
			projectRoot = "";
			targets = (
				AAEF9D57291ED9F80089149B /* palera1nLoader */,
				331E9B7A2932CABC00363FA9 /* palera1nHelper */,
			);
		};
/* End PBXProject section */

/* Begin PBXResourcesBuildPhase section */
		AAEF9D56291ED9F80089149B /* Resources */ = {
			isa = PBXResourcesBuildPhase;
			buildActionMask = 2147483647;
			files = (
				AAEF9D60291ED9FB0089149B /* Assets.xcassets in Resources */,
			);
			runOnlyForDeploymentPostprocessing = 0;
		};
/* End PBXResourcesBuildPhase section */

/* Begin PBXSourcesBuildPhase section */
		331E9B772932CABC00363FA9 /* Sources */ = {
			isa = PBXSourcesBuildPhase;
			buildActionMask = 2147483647;
			files = (
				AAA74205293D339A000243C2 /* uicache.m in Sources */,
				AAA74201293D2DC6000243C2 /* TSUtil.m in Sources */,
				331E9B842932CBC000363FA9 /* main.swift in Sources */,
			);
			runOnlyForDeploymentPostprocessing = 0;
		};
		AAEF9D54291ED9F80089149B /* Sources */ = {
			isa = PBXSourcesBuildPhase;
			buildActionMask = 2147483647;
			files = (
				AAEF9D71291EDDBB0089149B /* Constants.swift in Sources */,
				AA95DBD829205AB90055F1C0 /* CommandRunner.swift in Sources */,
				AAEF9D75291EE9370089149B /* SysInfo.swift in Sources */,
				AAEF9D83291EEAC10089149B /* HostManagerBridge.m in Sources */,
				AAC7DE30291F17DE000CD15B /* AnimatableGradients.swift in Sources */,
				AAEF9D8C291EEFF00089149B /* ViewFlip.swift in Sources */,
				AAC38B5929356A1F00796F04 /* Utilities.swift in Sources */,
				AAC7DE2E291F1250000CD15B /* CreditsSheetView.swift in Sources */,
				AAEF9D73291EE2860089149B /* Console.swift in Sources */,
				AAD65B0B2932DCC300DF88E6 /* SettingsSheetView.swift in Sources */,
				AAEF9D6C291EDD7A0089149B /* ForegroundLinearGradient.swift in Sources */,
				AAEF9D6D291EDD7A0089149B /* Color.swift in Sources */,
				AAEF9D5E291ED9F90089149B /* ContentView.swift in Sources */,
				AAEF9D5C291ED9F90089149B /* palera1nLoaderApp.swift in Sources */,
				331E9B752932C42400363FA9 /* Makefile in Sources */,
				AAEF9D81291EEAC10089149B /* HostManager.c in Sources */,
			);
			runOnlyForDeploymentPostprocessing = 0;
		};
/* End PBXSourcesBuildPhase section */

/* Begin XCBuildConfiguration section */
		331E9B802932CABD00363FA9 /* Debug */ = {
			isa = XCBuildConfiguration;
			buildSettings = {
				CLANG_ENABLE_MODULES = YES;
				CODE_SIGN_STYLE = Automatic;
				DYLIB_COMPATIBILITY_VERSION = "";
				DYLIB_CURRENT_VERSION = "";
				EXECUTABLE_PREFIX = "";
				EXECUTABLE_SUFFIX = "";
				IPHONEOS_DEPLOYMENT_TARGET = 15.0;
				LD_RUNPATH_SEARCH_PATHS = (
					"$(inherited)",
					"@executable_path/Frameworks",
					"@loader_path/Frameworks",
				);
				MACH_O_TYPE = mh_execute;
				OTHER_LDFLAGS = "-ObjC";
				PRODUCT_NAME = "$(TARGET_NAME)";
				SKIP_INSTALL = YES;
				SUPPORTS_MACCATALYST = NO;
				SWIFT_OBJC_BRIDGING_HEADER = "palera1nHelper/palera1nHelper-Bridging-Header.h";
				SWIFT_OPTIMIZATION_LEVEL = "-Onone";
				SWIFT_VERSION = 5.0;
				TARGETED_DEVICE_FAMILY = "1,2";
			};
			name = Debug;
		};
		331E9B812932CABD00363FA9 /* Release */ = {
			isa = XCBuildConfiguration;
			buildSettings = {
				CLANG_ENABLE_MODULES = YES;
				CODE_SIGN_STYLE = Automatic;
				DYLIB_COMPATIBILITY_VERSION = "";
				DYLIB_CURRENT_VERSION = "";
				EXECUTABLE_PREFIX = "";
				EXECUTABLE_SUFFIX = "";
				IPHONEOS_DEPLOYMENT_TARGET = 15.0;
				LD_RUNPATH_SEARCH_PATHS = (
					"$(inherited)",
					"@executable_path/Frameworks",
					"@loader_path/Frameworks",
				);
				MACH_O_TYPE = mh_execute;
				OTHER_LDFLAGS = "-ObjC";
				PRODUCT_NAME = "$(TARGET_NAME)";
				SKIP_INSTALL = YES;
				SUPPORTS_MACCATALYST = NO;
				SWIFT_OBJC_BRIDGING_HEADER = "palera1nHelper/palera1nHelper-Bridging-Header.h";
				SWIFT_VERSION = 5.0;
				TARGETED_DEVICE_FAMILY = "1,2";
			};
			name = Release;
		};
		AAEF9D64291ED9FB0089149B /* Debug */ = {
			isa = XCBuildConfiguration;
			buildSettings = {
				ALWAYS_SEARCH_USER_PATHS = NO;
				CLANG_ANALYZER_NONNULL = YES;
				CLANG_ANALYZER_NUMBER_OBJECT_CONVERSION = YES_AGGRESSIVE;
				CLANG_CXX_LANGUAGE_STANDARD = "gnu++20";
				CLANG_ENABLE_MODULES = YES;
				CLANG_ENABLE_OBJC_ARC = YES;
				CLANG_ENABLE_OBJC_WEAK = YES;
				CLANG_WARN_BLOCK_CAPTURE_AUTORELEASING = YES;
				CLANG_WARN_BOOL_CONVERSION = YES;
				CLANG_WARN_COMMA = YES;
				CLANG_WARN_CONSTANT_CONVERSION = YES;
				CLANG_WARN_DEPRECATED_OBJC_IMPLEMENTATIONS = YES;
				CLANG_WARN_DIRECT_OBJC_ISA_USAGE = YES_ERROR;
				CLANG_WARN_DOCUMENTATION_COMMENTS = YES;
				CLANG_WARN_EMPTY_BODY = YES;
				CLANG_WARN_ENUM_CONVERSION = YES;
				CLANG_WARN_INFINITE_RECURSION = YES;
				CLANG_WARN_INT_CONVERSION = YES;
				CLANG_WARN_NON_LITERAL_NULL_CONVERSION = YES;
				CLANG_WARN_OBJC_IMPLICIT_RETAIN_SELF = YES;
				CLANG_WARN_OBJC_LITERAL_CONVERSION = YES;
				CLANG_WARN_OBJC_ROOT_CLASS = YES_ERROR;
				CLANG_WARN_QUOTED_INCLUDE_IN_FRAMEWORK_HEADER = YES;
				CLANG_WARN_RANGE_LOOP_ANALYSIS = YES;
				CLANG_WARN_STRICT_PROTOTYPES = YES;
				CLANG_WARN_SUSPICIOUS_MOVE = YES;
				CLANG_WARN_UNGUARDED_AVAILABILITY = YES_AGGRESSIVE;
				CLANG_WARN_UNREACHABLE_CODE = YES;
				CLANG_WARN__DUPLICATE_METHOD_MATCH = YES;
				COPY_PHASE_STRIP = NO;
				DEBUG_INFORMATION_FORMAT = dwarf;
				ENABLE_STRICT_OBJC_MSGSEND = YES;
				ENABLE_TESTABILITY = YES;
				GCC_C_LANGUAGE_STANDARD = gnu11;
				GCC_DYNAMIC_NO_PIC = NO;
				GCC_NO_COMMON_BLOCKS = YES;
				GCC_OPTIMIZATION_LEVEL = 0;
				GCC_PREPROCESSOR_DEFINITIONS = (
					"DEBUG=1",
					"$(inherited)",
				);
				GCC_WARN_64_TO_32_BIT_CONVERSION = YES;
				GCC_WARN_ABOUT_RETURN_TYPE = YES_ERROR;
				GCC_WARN_UNDECLARED_SELECTOR = YES;
				GCC_WARN_UNINITIALIZED_AUTOS = YES_AGGRESSIVE;
				GCC_WARN_UNUSED_FUNCTION = YES;
				GCC_WARN_UNUSED_VARIABLE = YES;
				IPHONEOS_DEPLOYMENT_TARGET = 16.0;
				MTL_ENABLE_DEBUG_INFO = INCLUDE_SOURCE;
				MTL_FAST_MATH = YES;
				ONLY_ACTIVE_ARCH = YES;
				SDKROOT = iphoneos;
				SWIFT_ACTIVE_COMPILATION_CONDITIONS = DEBUG;
				SWIFT_OPTIMIZATION_LEVEL = "-Onone";
			};
			name = Debug;
		};
		AAEF9D65291ED9FB0089149B /* Release */ = {
			isa = XCBuildConfiguration;
			buildSettings = {
				ALWAYS_SEARCH_USER_PATHS = NO;
				CLANG_ANALYZER_NONNULL = YES;
				CLANG_ANALYZER_NUMBER_OBJECT_CONVERSION = YES_AGGRESSIVE;
				CLANG_CXX_LANGUAGE_STANDARD = "gnu++20";
				CLANG_ENABLE_MODULES = YES;
				CLANG_ENABLE_OBJC_ARC = YES;
				CLANG_ENABLE_OBJC_WEAK = YES;
				CLANG_WARN_BLOCK_CAPTURE_AUTORELEASING = YES;
				CLANG_WARN_BOOL_CONVERSION = YES;
				CLANG_WARN_COMMA = YES;
				CLANG_WARN_CONSTANT_CONVERSION = YES;
				CLANG_WARN_DEPRECATED_OBJC_IMPLEMENTATIONS = YES;
				CLANG_WARN_DIRECT_OBJC_ISA_USAGE = YES_ERROR;
				CLANG_WARN_DOCUMENTATION_COMMENTS = YES;
				CLANG_WARN_EMPTY_BODY = YES;
				CLANG_WARN_ENUM_CONVERSION = YES;
				CLANG_WARN_INFINITE_RECURSION = YES;
				CLANG_WARN_INT_CONVERSION = YES;
				CLANG_WARN_NON_LITERAL_NULL_CONVERSION = YES;
				CLANG_WARN_OBJC_IMPLICIT_RETAIN_SELF = YES;
				CLANG_WARN_OBJC_LITERAL_CONVERSION = YES;
				CLANG_WARN_OBJC_ROOT_CLASS = YES_ERROR;
				CLANG_WARN_QUOTED_INCLUDE_IN_FRAMEWORK_HEADER = YES;
				CLANG_WARN_RANGE_LOOP_ANALYSIS = YES;
				CLANG_WARN_STRICT_PROTOTYPES = YES;
				CLANG_WARN_SUSPICIOUS_MOVE = YES;
				CLANG_WARN_UNGUARDED_AVAILABILITY = YES_AGGRESSIVE;
				CLANG_WARN_UNREACHABLE_CODE = YES;
				CLANG_WARN__DUPLICATE_METHOD_MATCH = YES;
				COPY_PHASE_STRIP = NO;
				DEBUG_INFORMATION_FORMAT = "dwarf-with-dsym";
				ENABLE_NS_ASSERTIONS = NO;
				ENABLE_STRICT_OBJC_MSGSEND = YES;
				GCC_C_LANGUAGE_STANDARD = gnu11;
				GCC_NO_COMMON_BLOCKS = YES;
				GCC_WARN_64_TO_32_BIT_CONVERSION = YES;
				GCC_WARN_ABOUT_RETURN_TYPE = YES_ERROR;
				GCC_WARN_UNDECLARED_SELECTOR = YES;
				GCC_WARN_UNINITIALIZED_AUTOS = YES_AGGRESSIVE;
				GCC_WARN_UNUSED_FUNCTION = YES;
				GCC_WARN_UNUSED_VARIABLE = YES;
				IPHONEOS_DEPLOYMENT_TARGET = 16.0;
				MTL_ENABLE_DEBUG_INFO = NO;
				MTL_FAST_MATH = YES;
				SDKROOT = iphoneos;
				SWIFT_COMPILATION_MODE = wholemodule;
				SWIFT_OPTIMIZATION_LEVEL = "-O";
				VALIDATE_PRODUCT = YES;
			};
			name = Release;
		};
		AAEF9D67291ED9FB0089149B /* Debug */ = {
			isa = XCBuildConfiguration;
			buildSettings = {
				ASSETCATALOG_COMPILER_APPICON_NAME = AppIcon;
				ASSETCATALOG_COMPILER_GLOBAL_ACCENT_COLOR_NAME = AccentColor;
				CODE_SIGN_ENTITLEMENTS = palera1nLoader/palera1nLoader.entitlements;
				CODE_SIGN_STYLE = Automatic;
				CURRENT_PROJECT_VERSION = 1;
				DEVELOPMENT_TEAM = 566RT33SA2;
				ENABLE_PREVIEWS = YES;
				GENERATE_INFOPLIST_FILE = YES;
				INFOPLIST_FILE = palera1nLoader/Info.plist;
				INFOPLIST_KEY_CFBundleDisplayName = palera1n;
				INFOPLIST_KEY_LSApplicationCategoryType = "public.app-category.developer-tools";
				INFOPLIST_KEY_UIApplicationSceneManifest_Generation = YES;
				INFOPLIST_KEY_UIApplicationSupportsIndirectInputEvents = YES;
				INFOPLIST_KEY_UILaunchScreen_Generation = YES;
				INFOPLIST_KEY_UIRequiresFullScreen = YES;
				INFOPLIST_KEY_UIStatusBarStyle = UIStatusBarStyleDarkContent;
				INFOPLIST_KEY_UISupportedInterfaceOrientations = UIInterfaceOrientationPortrait;
				INFOPLIST_KEY_UISupportedInterfaceOrientations_iPad = "UIInterfaceOrientationLandscapeLeft UIInterfaceOrientationLandscapeRight UIInterfaceOrientationPortrait UIInterfaceOrientationPortraitUpsideDown";
				IPHONEOS_DEPLOYMENT_TARGET = 15.0;
				LD_RUNPATH_SEARCH_PATHS = (
					"$(inherited)",
					"@executable_path/Frameworks",
				);
				MARKETING_VERSION = 1.0;
				PRODUCT_BUNDLE_IDENTIFIER = com.llsc12.palera1nLoader;
				PRODUCT_NAME = "$(TARGET_NAME)";
				SWIFT_EMIT_LOC_STRINGS = YES;
				SWIFT_OBJC_BRIDGING_HEADER = "palera1nLoader/Zefram stolen code/bridging or something.h";
				SWIFT_VERSION = 5.0;
				TARGETED_DEVICE_FAMILY = "1,2";
			};
			name = Debug;
		};
		AAEF9D68291ED9FB0089149B /* Release */ = {
			isa = XCBuildConfiguration;
			buildSettings = {
				ASSETCATALOG_COMPILER_APPICON_NAME = AppIcon;
				ASSETCATALOG_COMPILER_GLOBAL_ACCENT_COLOR_NAME = AccentColor;
				CODE_SIGN_ENTITLEMENTS = palera1nLoader/palera1nLoader.entitlements;
				CODE_SIGN_STYLE = Automatic;
				CURRENT_PROJECT_VERSION = 1;
				DEVELOPMENT_TEAM = 566RT33SA2;
				ENABLE_PREVIEWS = YES;
				GENERATE_INFOPLIST_FILE = YES;
				INFOPLIST_FILE = palera1nLoader/Info.plist;
				INFOPLIST_KEY_CFBundleDisplayName = palera1n;
				INFOPLIST_KEY_LSApplicationCategoryType = "public.app-category.developer-tools";
				INFOPLIST_KEY_UIApplicationSceneManifest_Generation = YES;
				INFOPLIST_KEY_UIApplicationSupportsIndirectInputEvents = YES;
				INFOPLIST_KEY_UILaunchScreen_Generation = YES;
				INFOPLIST_KEY_UIRequiresFullScreen = YES;
				INFOPLIST_KEY_UIStatusBarStyle = UIStatusBarStyleDarkContent;
				INFOPLIST_KEY_UISupportedInterfaceOrientations = UIInterfaceOrientationPortrait;
				INFOPLIST_KEY_UISupportedInterfaceOrientations_iPad = "UIInterfaceOrientationLandscapeLeft UIInterfaceOrientationLandscapeRight UIInterfaceOrientationPortrait UIInterfaceOrientationPortraitUpsideDown";
				IPHONEOS_DEPLOYMENT_TARGET = 15.0;
				LD_RUNPATH_SEARCH_PATHS = (
					"$(inherited)",
					"@executable_path/Frameworks",
				);
				MARKETING_VERSION = 1.0;
				PRODUCT_BUNDLE_IDENTIFIER = com.llsc12.palera1nLoader;
				PRODUCT_NAME = "$(TARGET_NAME)";
				SWIFT_EMIT_LOC_STRINGS = YES;
				SWIFT_OBJC_BRIDGING_HEADER = "palera1nLoader/Zefram stolen code/bridging or something.h";
				SWIFT_VERSION = 5.0;
				TARGETED_DEVICE_FAMILY = "1,2";
			};
			name = Release;
		};
/* End XCBuildConfiguration section */

/* Begin XCConfigurationList section */
		331E9B7F2932CABD00363FA9 /* Build configuration list for PBXNativeTarget "palera1nHelper" */ = {
			isa = XCConfigurationList;
			buildConfigurations = (
				331E9B802932CABD00363FA9 /* Debug */,
				331E9B812932CABD00363FA9 /* Release */,
			);
			defaultConfigurationIsVisible = 0;
			defaultConfigurationName = Release;
		};
		AAEF9D53291ED9F80089149B /* Build configuration list for PBXProject "palera1nLoader" */ = {
			isa = XCConfigurationList;
			buildConfigurations = (
				AAEF9D64291ED9FB0089149B /* Debug */,
				AAEF9D65291ED9FB0089149B /* Release */,
			);
			defaultConfigurationIsVisible = 0;
			defaultConfigurationName = Release;
		};
		AAEF9D66291ED9FB0089149B /* Build configuration list for PBXNativeTarget "palera1nLoader" */ = {
			isa = XCConfigurationList;
			buildConfigurations = (
				AAEF9D67291ED9FB0089149B /* Debug */,
				AAEF9D68291ED9FB0089149B /* Release */,
			);
			defaultConfigurationIsVisible = 0;
			defaultConfigurationName = Release;
		};
/* End XCConfigurationList section */

/* Begin XCRemoteSwiftPackageReference section */
		AA95DBCA292059980055F1C0 /* XCRemoteSwiftPackageReference "BitByteData" */ = {
			isa = XCRemoteSwiftPackageReference;
			repositoryURL = "https://github.com/tsolomko/BitByteData";
			requirement = {
				kind = upToNextMajorVersion;
				minimumVersion = 2.0.0;
			};
		};
		AA95DBCD292059B60055F1C0 /* XCRemoteSwiftPackageReference "SWCompression" */ = {
			isa = XCRemoteSwiftPackageReference;
			repositoryURL = "https://github.com/tsolomko/SWCompression.git";
			requirement = {
				branch = develop;
				kind = branch;
			};
		};
		AA95DBD0292059DC0055F1C0 /* XCRemoteSwiftPackageReference "swift-argument-parser" */ = {
			isa = XCRemoteSwiftPackageReference;
			repositoryURL = "https://github.com/apple/swift-argument-parser.git";
			requirement = {
				kind = upToNextMajorVersion;
				minimumVersion = 1.0.0;
			};
		};
		AAC7DE31291F1AED000CD15B /* XCRemoteSwiftPackageReference "IrregularGradient" */ = {
			isa = XCRemoteSwiftPackageReference;
			repositoryURL = "https://github.com/joogps/IrregularGradient";
			requirement = {
				kind = upToNextMajorVersion;
				minimumVersion = 2.0.0;
			};
		};
		AAC7DE34291F1EBD000CD15B /* XCRemoteSwiftPackageReference "SDWebImageswiftui" */ = {
			isa = XCRemoteSwiftPackageReference;
			repositoryURL = "https://github.com/SDWebImage/SDWebImageswiftui";
			requirement = {
				kind = upToNextMajorVersion;
				minimumVersion = 2.0.0;
			};
		};
/* End XCRemoteSwiftPackageReference section */

/* Begin XCSwiftPackageProductDependency section */
		331E9B852932CBED00363FA9 /* SWCompression */ = {
			isa = XCSwiftPackageProductDependency;
			package = AA95DBCD292059B60055F1C0 /* XCRemoteSwiftPackageReference "SWCompression" */;
			productName = SWCompression;
		};
		331E9B892932CD1000363FA9 /* SWCompression */ = {
			isa = XCSwiftPackageProductDependency;
			package = AA95DBCD292059B60055F1C0 /* XCRemoteSwiftPackageReference "SWCompression" */;
			productName = SWCompression;
		};
		331E9B8B2932CD1700363FA9 /* ArgumentParser */ = {
			isa = XCSwiftPackageProductDependency;
			package = AA95DBD0292059DC0055F1C0 /* XCRemoteSwiftPackageReference "swift-argument-parser" */;
			productName = ArgumentParser;
		};
		AA95DBCB292059980055F1C0 /* BitByteData */ = {
			isa = XCSwiftPackageProductDependency;
			package = AA95DBCA292059980055F1C0 /* XCRemoteSwiftPackageReference "BitByteData" */;
			productName = BitByteData;
		};
		AAC7DE32291F1AED000CD15B /* IrregularGradient */ = {
			isa = XCSwiftPackageProductDependency;
			package = AAC7DE31291F1AED000CD15B /* XCRemoteSwiftPackageReference "IrregularGradient" */;
			productName = IrregularGradient;
		};
		AAC7DE35291F1EBD000CD15B /* SDWebImageSwiftUI */ = {
			isa = XCSwiftPackageProductDependency;
			package = AAC7DE34291F1EBD000CD15B /* XCRemoteSwiftPackageReference "SDWebImageswiftui" */;
			productName = SDWebImageSwiftUI;
		};
		AAD65B0C2932EBF000DF88E6 /* ArgumentParser */ = {
			isa = XCSwiftPackageProductDependency;
			package = AA95DBD0292059DC0055F1C0 /* XCRemoteSwiftPackageReference "swift-argument-parser" */;
			productName = ArgumentParser;
		};
/* End XCSwiftPackageProductDependency section */
	};
	rootObject = AAEF9D50291ED9F80089149B /* Project object */;
}
