// !$*UTF8*$!
{
	archiveVersion = 1;
	classes = {
	};
	objectVersion = 55;
	objects = {

/* Begin PBXBuildFile section */
		453D1A5D29E27A9C00F357BB /* SWCompression in Frameworks */ = {isa = PBXBuildFile; productRef = 453D1A5C29E27A9C00F357BB /* SWCompression */; };
		45E7E0F329E4EC5B0057741A /* Common.swift in Sources */ = {isa = PBXBuildFile; fileRef = 45E7E0F229E4EC5B0057741A /* Common.swift */; };
		45E7E0F829E650C30057741A /* Localizable.strings in Resources */ = {isa = PBXBuildFile; fileRef = 45E7E0FA29E650C30057741A /* Localizable.strings */; };
		CED0FAF629DC8C8800106BEF /* paleinfo.c in Sources */ = {isa = PBXBuildFile; fileRef = CED0FAF429DC8C8800106BEF /* paleinfo.c */; };
		CED0FB0229DC8DC200106BEF /* CoreServices.framework in Frameworks */ = {isa = PBXBuildFile; fileRef = CED0FB0129DC8DC200106BEF /* CoreServices.framework */; };
		E131378F28CFA16B00754132 /* main.swift in Sources */ = {isa = PBXBuildFile; fileRef = E131378E28CFA16B00754132 /* main.swift */; };
		E181BADA28CF914300CD25A6 /* AppDelegate.swift in Sources */ = {isa = PBXBuildFile; fileRef = E181BAD928CF914300CD25A6 /* AppDelegate.swift */; };
		E181BADE28CF914300CD25A6 /* ViewController.swift in Sources */ = {isa = PBXBuildFile; fileRef = E181BADD28CF914300CD25A6 /* ViewController.swift */; };
		E181BAE328CF914500CD25A6 /* Assets.xcassets in Resources */ = {isa = PBXBuildFile; fileRef = E181BAE228CF914500CD25A6 /* Assets.xcassets */; };
		E1C440AC28D0EDFB000DBB1A /* CommandRunner.swift in Sources */ = {isa = PBXBuildFile; fileRef = E1C440AB28D0EDFB000DBB1A /* CommandRunner.swift */; };
/* End PBXBuildFile section */

/* Begin PBXCopyFilesBuildPhase section */
		E131378528CFA0BC00754132 /* CopyFiles */ = {
			isa = PBXCopyFilesBuildPhase;
			buildActionMask = 2147483647;
			dstPath = "include/$(PRODUCT_NAME)";
			dstSubfolderSpec = 16;
			files = (
			);
			runOnlyForDeploymentPostprocessing = 0;
		};
/* End PBXCopyFilesBuildPhase section */

/* Begin PBXFileReference section */
		33D1038D29DC21C4005D4C3B /* palera1nHelper-BridgingHeader.h */ = {isa = PBXFileReference; lastKnownFileType = sourcecode.c.h; path = "palera1nHelper-BridgingHeader.h"; sourceTree = "<group>"; };
		33DE13AA29DCAD7800DF3D5E /* External */ = {isa = PBXFileReference; lastKnownFileType = folder; path = External; sourceTree = "<group>"; };
		45E7E0F229E4EC5B0057741A /* Common.swift */ = {isa = PBXFileReference; lastKnownFileType = sourcecode.swift; path = Common.swift; sourceTree = "<group>"; };
		45E7E0F929E650C30057741A /* en */ = {isa = PBXFileReference; lastKnownFileType = text.plist.strings; name = en; path = en.lproj/Localizable.strings; sourceTree = "<group>"; };
		45E7E0FB29E650CB0057741A /* ja */ = {isa = PBXFileReference; lastKnownFileType = text.plist.strings; name = ja; path = ja.lproj/Localizable.strings; sourceTree = "<group>"; };
		45F1F1AF29E70189008C21B0 /* zh-HK */ = {isa = PBXFileReference; lastKnownFileType = text.plist.strings; name = "zh-HK"; path = "zh-HK.lproj/Localizable.strings"; sourceTree = "<group>"; };
		45F3AD7029E70E3500ADF163 /* zh-Hant */ = {isa = PBXFileReference; lastKnownFileType = text.plist.strings; name = "zh-Hant"; path = "zh-Hant.lproj/Localizable.strings"; sourceTree = "<group>"; };
		CED0FAF429DC8C8800106BEF /* paleinfo.c */ = {isa = PBXFileReference; fileEncoding = 4; lastKnownFileType = sourcecode.c.c; path = paleinfo.c; sourceTree = "<group>"; };
		CED0FAF529DC8C8800106BEF /* paleinfo.h */ = {isa = PBXFileReference; fileEncoding = 4; lastKnownFileType = sourcecode.c.h; path = paleinfo.h; sourceTree = "<group>"; };
		CED0FB0129DC8DC200106BEF /* CoreServices.framework */ = {isa = PBXFileReference; lastKnownFileType = wrapper.framework; name = CoreServices.framework; path = Platforms/MacOSX.platform/Developer/SDKs/MacOSX13.3.sdk/System/Library/Frameworks/CoreServices.framework; sourceTree = DEVELOPER_DIR; };
		E131378728CFA0BC00754132 /* Helper */ = {isa = PBXFileReference; explicitFileType = "compiled.mach-o.dylib"; includeInIndex = 0; path = Helper; sourceTree = BUILT_PRODUCTS_DIR; };
		E131378E28CFA16B00754132 /* main.swift */ = {isa = PBXFileReference; lastKnownFileType = sourcecode.swift; path = main.swift; sourceTree = "<group>"; };
		E181BAD628CF914300CD25A6 /* palera1nLoader.app */ = {isa = PBXFileReference; explicitFileType = wrapper.application; includeInIndex = 0; path = palera1nLoader.app; sourceTree = BUILT_PRODUCTS_DIR; };
		E181BAD928CF914300CD25A6 /* AppDelegate.swift */ = {isa = PBXFileReference; lastKnownFileType = sourcecode.swift; path = AppDelegate.swift; sourceTree = "<group>"; };
		E181BADD28CF914300CD25A6 /* ViewController.swift */ = {isa = PBXFileReference; lastKnownFileType = sourcecode.swift; path = ViewController.swift; sourceTree = "<group>"; };
		E181BAE228CF914500CD25A6 /* Assets.xcassets */ = {isa = PBXFileReference; lastKnownFileType = folder.assetcatalog; path = Assets.xcassets; sourceTree = "<group>"; };
		E181BAE728CF914500CD25A6 /* Info.plist */ = {isa = PBXFileReference; lastKnownFileType = text.plist.xml; path = Info.plist; sourceTree = "<group>"; };
		E1C440AB28D0EDFB000DBB1A /* CommandRunner.swift */ = {isa = PBXFileReference; lastKnownFileType = sourcecode.swift; path = CommandRunner.swift; sourceTree = "<group>"; };
/* End PBXFileReference section */

/* Begin PBXFrameworksBuildPhase section */
		E131378428CFA0BC00754132 /* Frameworks */ = {
			isa = PBXFrameworksBuildPhase;
			buildActionMask = 2147483647;
			files = (
				CED0FB0229DC8DC200106BEF /* CoreServices.framework in Frameworks */,
				453D1A5D29E27A9C00F357BB /* SWCompression in Frameworks */,
			);
			runOnlyForDeploymentPostprocessing = 0;
		};
		E181BAD328CF914300CD25A6 /* Frameworks */ = {
			isa = PBXFrameworksBuildPhase;
			buildActionMask = 2147483647;
			files = (
			);
			runOnlyForDeploymentPostprocessing = 0;
		};
/* End PBXFrameworksBuildPhase section */

/* Begin PBXGroup section */
		CED0FAF329DC8C7E00106BEF /* paleinfo */ = {
			isa = PBXGroup;
			children = (
				CED0FAF429DC8C8800106BEF /* paleinfo.c */,
				CED0FAF529DC8C8800106BEF /* paleinfo.h */,
			);
			path = paleinfo;
			sourceTree = "<group>";
		};
		CED0FB0029DC8DC100106BEF /* Frameworks */ = {
			isa = PBXGroup;
			children = (
				CED0FB0129DC8DC200106BEF /* CoreServices.framework */,
			);
			name = Frameworks;
			sourceTree = "<group>";
		};
		E131378828CFA0BC00754132 /* Helper */ = {
			isa = PBXGroup;
			children = (
				CED0FAF329DC8C7E00106BEF /* paleinfo */,
				E131378E28CFA16B00754132 /* main.swift */,
				33D1038D29DC21C4005D4C3B /* palera1nHelper-BridgingHeader.h */,
			);
			path = Helper;
			sourceTree = "<group>";
		};
		E181BACD28CF914300CD25A6 = {
			isa = PBXGroup;
			children = (
				E181BAD828CF914300CD25A6 /* palera1nLoader */,
				E131378828CFA0BC00754132 /* Helper */,
				E181BAD728CF914300CD25A6 /* Products */,
				CED0FB0029DC8DC100106BEF /* Frameworks */,
			);
			sourceTree = "<group>";
		};
		E181BAD728CF914300CD25A6 /* Products */ = {
			isa = PBXGroup;
			children = (
				E181BAD628CF914300CD25A6 /* palera1nLoader.app */,
				E131378728CFA0BC00754132 /* Helper */,
			);
			name = Products;
			sourceTree = "<group>";
		};
		E181BAD828CF914300CD25A6 /* palera1nLoader */ = {
			isa = PBXGroup;
			children = (
				E181BAE228CF914500CD25A6 /* Assets.xcassets */,
				E181BAE728CF914500CD25A6 /* Info.plist */,
				E181BAD928CF914300CD25A6 /* AppDelegate.swift */,
				E181BADD28CF914300CD25A6 /* ViewController.swift */,
				45E7E0F229E4EC5B0057741A /* Common.swift */,
				E1C440AB28D0EDFB000DBB1A /* CommandRunner.swift */,
				33DE13AA29DCAD7800DF3D5E /* External */,
				45E7E0FA29E650C30057741A /* Localizable.strings */,
			);
			path = palera1nLoader;
			sourceTree = "<group>";
		};
/* End PBXGroup section */

/* Begin PBXNativeTarget section */
		E131378628CFA0BC00754132 /* Helper */ = {
			isa = PBXNativeTarget;
			buildConfigurationList = E131378B28CFA0BC00754132 /* Build configuration list for PBXNativeTarget "Helper" */;
			buildPhases = (
				E131378328CFA0BC00754132 /* Sources */,
				E131378428CFA0BC00754132 /* Frameworks */,
				E131378528CFA0BC00754132 /* CopyFiles */,
			);
			buildRules = (
			);
			dependencies = (
			);
			name = Helper;
			packageProductDependencies = (
				453D1A5C29E27A9C00F357BB /* SWCompression */,
			);
			productName = PogoHelper;
			productReference = E131378728CFA0BC00754132 /* Helper */;
			productType = "com.apple.product-type.library.dynamic";
		};
		E181BAD528CF914300CD25A6 /* palera1nLoader */ = {
			isa = PBXNativeTarget;
			buildConfigurationList = E181BAEA28CF914500CD25A6 /* Build configuration list for PBXNativeTarget "palera1nLoader" */;
			buildPhases = (
				E181BAD228CF914300CD25A6 /* Sources */,
				E181BAD328CF914300CD25A6 /* Frameworks */,
				E181BAD428CF914300CD25A6 /* Resources */,
			);
			buildRules = (
			);
			dependencies = (
			);
			name = palera1nLoader;
			packageProductDependencies = (
			);
			productName = Pogo;
			productReference = E181BAD628CF914300CD25A6 /* palera1nLoader.app */;
			productType = "com.apple.product-type.application";
		};
/* End PBXNativeTarget section */

/* Begin PBXProject section */
		E181BACE28CF914300CD25A6 /* Project object */ = {
			isa = PBXProject;
			attributes = {
				BuildIndependentTargetsInParallel = 1;
				LastSwiftUpdateCheck = 1340;
				LastUpgradeCheck = 1340;
				TargetAttributes = {
					E131378628CFA0BC00754132 = {
						CreatedOnToolsVersion = 13.4.1;
						LastSwiftMigration = 1340;
					};
					E181BAD528CF914300CD25A6 = {
						CreatedOnToolsVersion = 13.4.1;
					};
				};
			};
			buildConfigurationList = E181BAD128CF914300CD25A6 /* Build configuration list for PBXProject "palera1nLoader" */;
			compatibilityVersion = "Xcode 13.0";
			developmentRegion = en;
			hasScannedForEncodings = 0;
			knownRegions = (
				en,
				ja,
				"zh-HK",
				Base,
				"zh-Hant",
			);
			mainGroup = E181BACD28CF914300CD25A6;
			packageReferences = (
				453D1A5B29E27A9C00F357BB /* XCRemoteSwiftPackageReference "SWCompression" */,
			);
			productRefGroup = E181BAD728CF914300CD25A6 /* Products */;
			projectDirPath = "";
			projectRoot = "";
			targets = (
				E181BAD528CF914300CD25A6 /* palera1nLoader */,
				E131378628CFA0BC00754132 /* Helper */,
			);
		};
/* End PBXProject section */

/* Begin PBXResourcesBuildPhase section */
		E181BAD428CF914300CD25A6 /* Resources */ = {
			isa = PBXResourcesBuildPhase;
			buildActionMask = 2147483647;
			files = (
				E181BAE328CF914500CD25A6 /* Assets.xcassets in Resources */,
				45E7E0F829E650C30057741A /* Localizable.strings in Resources */,
			);
			runOnlyForDeploymentPostprocessing = 0;
		};
/* End PBXResourcesBuildPhase section */

/* Begin PBXSourcesBuildPhase section */
		E131378328CFA0BC00754132 /* Sources */ = {
			isa = PBXSourcesBuildPhase;
			buildActionMask = 2147483647;
			files = (
				CED0FAF629DC8C8800106BEF /* paleinfo.c in Sources */,
				E131378F28CFA16B00754132 /* main.swift in Sources */,
			);
			runOnlyForDeploymentPostprocessing = 0;
		};
		E181BAD228CF914300CD25A6 /* Sources */ = {
			isa = PBXSourcesBuildPhase;
			buildActionMask = 2147483647;
			files = (
				45E7E0F329E4EC5B0057741A /* Common.swift in Sources */,
				E181BADE28CF914300CD25A6 /* ViewController.swift in Sources */,
				E181BADA28CF914300CD25A6 /* AppDelegate.swift in Sources */,
				E1C440AC28D0EDFB000DBB1A /* CommandRunner.swift in Sources */,
			);
			runOnlyForDeploymentPostprocessing = 0;
		};
/* End PBXSourcesBuildPhase section */

/* Begin PBXVariantGroup section */
		45E7E0FA29E650C30057741A /* Localizable.strings */ = {
			isa = PBXVariantGroup;
			children = (
				45E7E0F929E650C30057741A /* en */,
				45E7E0FB29E650CB0057741A /* ja */,
				45F1F1AF29E70189008C21B0 /* zh-HK */,
				45F3AD7029E70E3500ADF163 /* zh-Hant */,
			);
			name = Localizable.strings;
			sourceTree = "<group>";
		};
/* End PBXVariantGroup section */

/* Begin XCBuildConfiguration section */
		E131378C28CFA0BC00754132 /* Debug */ = {
			isa = XCBuildConfiguration;
			buildSettings = {
				CLANG_ENABLE_MODULES = YES;
				CODE_SIGN_STYLE = Automatic;
				COPY_PHASE_STRIP = YES;
				DEVELOPMENT_TEAM = 98BG3C5BP9;
				DYLIB_COMPATIBILITY_VERSION = "";
				DYLIB_CURRENT_VERSION = "";
				ENABLE_BITCODE = NO;
				EXECUTABLE_EXTENSION = "";
				EXECUTABLE_SUFFIX = "";
				GCC_OPTIMIZATION_LEVEL = z;
				LD_RUNPATH_SEARCH_PATHS = (
					"$(inherited)",
					"@executable_path/Frameworks",
					"@loader_path/Frameworks",
				);
				MACH_O_TYPE = mh_execute;
				OTHER_LDFLAGS = "-ObjC";
				PRODUCT_NAME = "$(TARGET_NAME)";
				SKIP_INSTALL = YES;
				STRIP_STYLE = all;
				SWIFT_OBJC_BRIDGING_HEADER = "$(SRCROOT)/Helper/palera1nHelper-BridgingHeader.h";
				SWIFT_OPTIMIZATION_LEVEL = "-Osize";
				SWIFT_VERSION = 5.0;
				TARGETED_DEVICE_FAMILY = "1,2";
			};
			name = Debug;
		};
		E131378D28CFA0BC00754132 /* Release */ = {
			isa = XCBuildConfiguration;
			buildSettings = {
				CLANG_ENABLE_MODULES = YES;
				CODE_SIGN_STYLE = Automatic;
				COPY_PHASE_STRIP = YES;
				DEVELOPMENT_TEAM = 98BG3C5BP9;
				DYLIB_COMPATIBILITY_VERSION = "";
				DYLIB_CURRENT_VERSION = "";
				ENABLE_BITCODE = NO;
				EXECUTABLE_EXTENSION = "";
				EXECUTABLE_SUFFIX = "";
				GCC_OPTIMIZATION_LEVEL = z;
				LD_RUNPATH_SEARCH_PATHS = (
					"$(inherited)",
					"@executable_path/Frameworks",
					"@loader_path/Frameworks",
				);
				MACH_O_TYPE = mh_execute;
				OTHER_LDFLAGS = "-ObjC";
				PRODUCT_NAME = "$(TARGET_NAME)";
				SKIP_INSTALL = YES;
				STRIP_STYLE = all;
				SWIFT_OBJC_BRIDGING_HEADER = "$(SRCROOT)/Helper/palera1nHelper-BridgingHeader.h";
				SWIFT_OPTIMIZATION_LEVEL = "-Osize";
				SWIFT_VERSION = 5.0;
				TARGETED_DEVICE_FAMILY = "1,2";
			};
			name = Release;
		};
		E181BAE828CF914500CD25A6 /* Debug */ = {
			isa = XCBuildConfiguration;
			buildSettings = {
				ALWAYS_SEARCH_USER_PATHS = NO;
				CLANG_ANALYZER_NONNULL = YES;
				CLANG_ANALYZER_NUMBER_OBJECT_CONVERSION = YES_AGGRESSIVE;
				CLANG_CXX_LANGUAGE_STANDARD = "gnu++17";
				CLANG_ENABLE_MODULES = YES;
				CLANG_ENABLE_OBJC_ARC = YES;
				CLANG_ENABLE_OBJC_WEAK = YES;
				CLANG_USE_OPTIMIZATION_PROFILE = NO;
				CLANG_WARN_BLOCK_CAPTURE_AUTORELEASING = YES;
				CLANG_WARN_BOOL_CONVERSION = YES;
				CLANG_WARN_COMMA = YES;
				CLANG_WARN_CONSTANT_CONVERSION = YES;
				CLANG_WARN_DEPRECATED_OBJC_IMPLEMENTATIONS = YES;
				CLANG_WARN_DIRECT_OBJC_ISA_USAGE = YES_ERROR;
				CLANG_WARN_DOCUMENTATION_COMMENTS = YES;
				CLANG_WARN_EMPTY_BODY = YES;
				CLANG_WARN_ENUM_CONVERSION = YES;
				CLANG_WARN_INFINITE_RECURSION = YES;
				CLANG_WARN_INT_CONVERSION = YES;
				CLANG_WARN_NON_LITERAL_NULL_CONVERSION = YES;
				CLANG_WARN_OBJC_IMPLICIT_RETAIN_SELF = YES;
				CLANG_WARN_OBJC_LITERAL_CONVERSION = YES;
				CLANG_WARN_OBJC_ROOT_CLASS = YES_ERROR;
				CLANG_WARN_QUOTED_INCLUDE_IN_FRAMEWORK_HEADER = YES;
				CLANG_WARN_RANGE_LOOP_ANALYSIS = YES;
				CLANG_WARN_STRICT_PROTOTYPES = YES;
				CLANG_WARN_SUSPICIOUS_MOVE = YES;
				CLANG_WARN_UNGUARDED_AVAILABILITY = YES_AGGRESSIVE;
				CLANG_WARN_UNREACHABLE_CODE = YES;
				CLANG_WARN__DUPLICATE_METHOD_MATCH = YES;
				COPY_PHASE_STRIP = NO;
				DEBUG_INFORMATION_FORMAT = dwarf;
				DEVELOPMENT_TEAM = 98BG3C5BP9;
				ENABLE_STRICT_OBJC_MSGSEND = YES;
				ENABLE_TESTABILITY = YES;
				GCC_C_LANGUAGE_STANDARD = gnu11;
				GCC_DYNAMIC_NO_PIC = NO;
				GCC_NO_COMMON_BLOCKS = YES;
				GCC_OPTIMIZATION_LEVEL = z;
				GCC_PREPROCESSOR_DEFINITIONS = (
					"DEBUG=1",
					"$(inherited)",
				);
				GCC_WARN_64_TO_32_BIT_CONVERSION = YES;
				GCC_WARN_ABOUT_RETURN_TYPE = YES_ERROR;
				GCC_WARN_UNDECLARED_SELECTOR = YES;
				GCC_WARN_UNINITIALIZED_AUTOS = YES_AGGRESSIVE;
				GCC_WARN_UNUSED_FUNCTION = YES;
				GCC_WARN_UNUSED_VARIABLE = YES;
				IPHONEOS_DEPLOYMENT_TARGET = 15.0;
				MTL_ENABLE_DEBUG_INFO = INCLUDE_SOURCE;
				MTL_FAST_MATH = YES;
				ONLY_ACTIVE_ARCH = YES;
				SDKROOT = iphoneos;
				SWIFT_ACTIVE_COMPILATION_CONDITIONS = DEBUG;
				SWIFT_OPTIMIZATION_LEVEL = "-Onone";
			};
			name = Debug;
		};
		E181BAE928CF914500CD25A6 /* Release */ = {
			isa = XCBuildConfiguration;
			buildSettings = {
				ALWAYS_SEARCH_USER_PATHS = NO;
				CLANG_ANALYZER_NONNULL = YES;
				CLANG_ANALYZER_NUMBER_OBJECT_CONVERSION = YES_AGGRESSIVE;
				CLANG_CXX_LANGUAGE_STANDARD = "gnu++17";
				CLANG_ENABLE_MODULES = YES;
				CLANG_ENABLE_OBJC_ARC = YES;
				CLANG_ENABLE_OBJC_WEAK = YES;
				CLANG_USE_OPTIMIZATION_PROFILE = NO;
				CLANG_WARN_BLOCK_CAPTURE_AUTORELEASING = YES;
				CLANG_WARN_BOOL_CONVERSION = YES;
				CLANG_WARN_COMMA = YES;
				CLANG_WARN_CONSTANT_CONVERSION = YES;
				CLANG_WARN_DEPRECATED_OBJC_IMPLEMENTATIONS = YES;
				CLANG_WARN_DIRECT_OBJC_ISA_USAGE = YES_ERROR;
				CLANG_WARN_DOCUMENTATION_COMMENTS = YES;
				CLANG_WARN_EMPTY_BODY = YES;
				CLANG_WARN_ENUM_CONVERSION = YES;
				CLANG_WARN_INFINITE_RECURSION = YES;
				CLANG_WARN_INT_CONVERSION = YES;
				CLANG_WARN_NON_LITERAL_NULL_CONVERSION = YES;
				CLANG_WARN_OBJC_IMPLICIT_RETAIN_SELF = YES;
				CLANG_WARN_OBJC_LITERAL_CONVERSION = YES;
				CLANG_WARN_OBJC_ROOT_CLASS = YES_ERROR;
				CLANG_WARN_QUOTED_INCLUDE_IN_FRAMEWORK_HEADER = YES;
				CLANG_WARN_RANGE_LOOP_ANALYSIS = YES;
				CLANG_WARN_STRICT_PROTOTYPES = YES;
				CLANG_WARN_SUSPICIOUS_MOVE = YES;
				CLANG_WARN_UNGUARDED_AVAILABILITY = YES_AGGRESSIVE;
				CLANG_WARN_UNREACHABLE_CODE = YES;
				CLANG_WARN__DUPLICATE_METHOD_MATCH = YES;
				COPY_PHASE_STRIP = NO;
				DEBUG_INFORMATION_FORMAT = "dwarf-with-dsym";
				DEVELOPMENT_TEAM = 98BG3C5BP9;
				ENABLE_NS_ASSERTIONS = NO;
				ENABLE_STRICT_OBJC_MSGSEND = YES;
				GCC_C_LANGUAGE_STANDARD = gnu11;
				GCC_NO_COMMON_BLOCKS = YES;
				GCC_OPTIMIZATION_LEVEL = z;
				GCC_WARN_64_TO_32_BIT_CONVERSION = YES;
				GCC_WARN_ABOUT_RETURN_TYPE = YES_ERROR;
				GCC_WARN_UNDECLARED_SELECTOR = YES;
				GCC_WARN_UNINITIALIZED_AUTOS = YES_AGGRESSIVE;
				GCC_WARN_UNUSED_FUNCTION = YES;
				GCC_WARN_UNUSED_VARIABLE = YES;
				IPHONEOS_DEPLOYMENT_TARGET = 15.0;
				MTL_ENABLE_DEBUG_INFO = NO;
				MTL_FAST_MATH = YES;
				SDKROOT = iphoneos;
				SWIFT_COMPILATION_MODE = wholemodule;
				SWIFT_OPTIMIZATION_LEVEL = "-O";
				VALIDATE_PRODUCT = YES;
			};
			name = Release;
		};
		E181BAEB28CF914500CD25A6 /* Debug */ = {
			isa = XCBuildConfiguration;
			buildSettings = {
				ASSETCATALOG_COMPILER_APPICON_NAME = AppIcon;
				ASSETCATALOG_COMPILER_GLOBAL_ACCENT_COLOR_NAME = AccentColor;
				CODE_SIGN_IDENTITY = "Apple Development";
				CODE_SIGN_STYLE = Manual;
				COPY_PHASE_STRIP = YES;
				CURRENT_PROJECT_VERSION = 1;
				DEVELOPMENT_ASSET_PATHS = "";
				DEVELOPMENT_TEAM = "";
				ENABLE_BITCODE = NO;
				GCC_OPTIMIZATION_LEVEL = z;
				GENERATE_INFOPLIST_FILE = YES;
				INFOPLIST_FILE = palera1nLoader/Info.plist;
				INFOPLIST_KEY_CFBundleDisplayName = palera1n;
				INFOPLIST_KEY_UIApplicationSupportsIndirectInputEvents = YES;
				INFOPLIST_KEY_UILaunchStoryboardName = LaunchScreen;
				INFOPLIST_KEY_UISupportedInterfaceOrientations = UIInterfaceOrientationPortrait;
				INFOPLIST_KEY_UISupportedInterfaceOrientations_iPad = "UIInterfaceOrientationLandscapeLeft UIInterfaceOrientationLandscapeRight UIInterfaceOrientationPortrait";
				IPHONEOS_DEPLOYMENT_TARGET = 15.0;
				LD_RUNPATH_SEARCH_PATHS = (
					"$(inherited)",
					"@executable_path/Frameworks",
				);
				LIBRARY_SEARCH_PATHS = (
					"$(inherited)",
					"$(PROJECT_DIR)/palera1nLoader/Required",
				);
				MARKETING_VERSION = 1.0;
				PRODUCT_BUNDLE_IDENTIFIER = com.samiiau.loader;
				PRODUCT_NAME = "$(TARGET_NAME)";
				PROVISIONING_PROFILE_SPECIFIER = "";
				SWIFT_DISABLE_SAFETY_CHECKS = YES;
				SWIFT_EMIT_LOC_STRINGS = YES;
				SWIFT_INCLUDE_PATHS = "$(SRCROOT)/palera1nLoader/External";
				SWIFT_OBJC_BRIDGING_HEADER = "$(SRCROOT)/Helper/palera1nHelper-BridgingHeader.h";
				SWIFT_OPTIMIZATION_LEVEL = "-Osize";
				SWIFT_VERSION = 5.0;
				TARGETED_DEVICE_FAMILY = "1,2";
			};
			name = Debug;
		};
		E181BAEC28CF914500CD25A6 /* Release */ = {
			isa = XCBuildConfiguration;
			buildSettings = {
				ASSETCATALOG_COMPILER_APPICON_NAME = AppIcon;
				ASSETCATALOG_COMPILER_GLOBAL_ACCENT_COLOR_NAME = AccentColor;
				CODE_SIGN_IDENTITY = "Apple Development";
				CODE_SIGN_STYLE = Manual;
				COPY_PHASE_STRIP = YES;
				CURRENT_PROJECT_VERSION = 1;
				DEVELOPMENT_ASSET_PATHS = "";
				DEVELOPMENT_TEAM = "";
				ENABLE_BITCODE = NO;
				GCC_OPTIMIZATION_LEVEL = z;
				GENERATE_INFOPLIST_FILE = YES;
				INFOPLIST_FILE = palera1nLoader/Info.plist;
				INFOPLIST_KEY_CFBundleDisplayName = palera1n;
				INFOPLIST_KEY_UIApplicationSupportsIndirectInputEvents = YES;
				INFOPLIST_KEY_UILaunchStoryboardName = LaunchScreen;
				INFOPLIST_KEY_UISupportedInterfaceOrientations = UIInterfaceOrientationPortrait;
				INFOPLIST_KEY_UISupportedInterfaceOrientations_iPad = "UIInterfaceOrientationLandscapeLeft UIInterfaceOrientationLandscapeRight UIInterfaceOrientationPortrait";
				IPHONEOS_DEPLOYMENT_TARGET = 15.0;
				LD_RUNPATH_SEARCH_PATHS = (
					"$(inherited)",
					"@executable_path/Frameworks",
				);
				LIBRARY_SEARCH_PATHS = (
					"$(inherited)",
					"$(PROJECT_DIR)/palera1nLoader/Required",
				);
				MARKETING_VERSION = 1.0;
				PRODUCT_BUNDLE_IDENTIFIER = com.samiiau.loader;
				PRODUCT_NAME = "$(TARGET_NAME)";
				PROVISIONING_PROFILE_SPECIFIER = "";
				SWIFT_DISABLE_SAFETY_CHECKS = YES;
				SWIFT_EMIT_LOC_STRINGS = YES;
				SWIFT_INCLUDE_PATHS = "$(SRCROOT)/palera1nLoader/External";
				SWIFT_OBJC_BRIDGING_HEADER = "$(SRCROOT)/Helper/palera1nHelper-BridgingHeader.h";
				SWIFT_OPTIMIZATION_LEVEL = "-Osize";
				SWIFT_VERSION = 5.0;
				TARGETED_DEVICE_FAMILY = "1,2";
			};
			name = Release;
		};
/* End XCBuildConfiguration section */

/* Begin XCConfigurationList section */
		E131378B28CFA0BC00754132 /* Build configuration list for PBXNativeTarget "Helper" */ = {
			isa = XCConfigurationList;
			buildConfigurations = (
				E131378C28CFA0BC00754132 /* Debug */,
				E131378D28CFA0BC00754132 /* Release */,
			);
			defaultConfigurationIsVisible = 0;
			defaultConfigurationName = Release;
		};
		E181BAD128CF914300CD25A6 /* Build configuration list for PBXProject "palera1nLoader" */ = {
			isa = XCConfigurationList;
			buildConfigurations = (
				E181BAE828CF914500CD25A6 /* Debug */,
				E181BAE928CF914500CD25A6 /* Release */,
			);
			defaultConfigurationIsVisible = 0;
			defaultConfigurationName = Release;
		};
		E181BAEA28CF914500CD25A6 /* Build configuration list for PBXNativeTarget "palera1nLoader" */ = {
			isa = XCConfigurationList;
			buildConfigurations = (
				E181BAEB28CF914500CD25A6 /* Debug */,
				E181BAEC28CF914500CD25A6 /* Release */,
			);
			defaultConfigurationIsVisible = 0;
			defaultConfigurationName = Release;
		};
/* End XCConfigurationList section */

/* Begin XCRemoteSwiftPackageReference section */
		453D1A5B29E27A9C00F357BB /* XCRemoteSwiftPackageReference "SWCompression" */ = {
			isa = XCRemoteSwiftPackageReference;
			repositoryURL = "https://github.com/staturnzz/SWCompression.git";
			requirement = {
				branch = develop;
				kind = branch;
			};
		};
/* End XCRemoteSwiftPackageReference section */

/* Begin XCSwiftPackageProductDependency section */
		453D1A5C29E27A9C00F357BB /* SWCompression */ = {
			isa = XCSwiftPackageProductDependency;
			package = 453D1A5B29E27A9C00F357BB /* XCRemoteSwiftPackageReference "SWCompression" */;
			productName = SWCompression;
		};
/* End XCSwiftPackageProductDependency section */
	};
	rootObject = E181BACE28CF914300CD25A6 /* Project object */;
}
