{
  "pins" : [
    {
      "identity" : "bitbytedata",
      "kind" : "remoteSourceControl",
      "location" : "https://github.com/tsolomko/BitByteData",
      "state" : {
        "revision" : "b4b41619522aacd7aae7b02fa8360833e796a03d",
        "version" : "2.0.2"
      }
    },
    {
      "identity" : "swcompression",
      "kind" : "remoteSourceControl",
      "location" : "https://github.com/staturnzz/SWCompression.git",
      "state" : {
        "branch" : "develop",
        "revision" : "0e8915a9f6c3252343af44db3b9c37d0506c39c1"
      }
    }
  ],
  "version" : 2
}
